// !$*UTF8*$!
{
	archiveVersion = 1;
	classes = {
	};
	objectVersion = 52;
	objects = {

/* Begin PBXBuildFile section */
		301DC0B77D813E609EAF98D1 /* Pods_UnivLadderTests.framework in Frameworks */ = {isa = PBXBuildFile; fileRef = 4E6864AAC8D2CD53104ECBF2 /* Pods_UnivLadderTests.framework */; };
		4B8A6217F7FC077C8E568A5C /* Pods_UnivLadder_UnivLadderUITests.framework in Frameworks */ = {isa = PBXBuildFile; fileRef = CF7FBFF01A314D0CBD4ACC8C /* Pods_UnivLadder_UnivLadderUITests.framework */; };
		680452EE27F07F1E00F24A25 /* PageCollectionViewCell.swift in Sources */ = {isa = PBXBuildFile; fileRef = 680452ED27F07F1E00F24A25 /* PageCollectionViewCell.swift */; };
		6815DB37297A735D00E6B356 /* KeyChain.swift in Sources */ = {isa = PBXBuildFile; fileRef = 6815DB36297A735D00E6B356 /* KeyChain.swift */; };
		6819DD9E2802D9B400C7FF54 /* UserDefaultManager.swift in Sources */ = {isa = PBXBuildFile; fileRef = 6819DD9D2802D9B400C7FF54 /* UserDefaultManager.swift */; };
		68288C9928F2CCAD00E2B70D /* AccountModifyViewController.swift in Sources */ = {isa = PBXBuildFile; fileRef = 68288C9828F2CCAD00E2B70D /* AccountModifyViewController.swift */; };
		683461122A2C6A0900A31EDB /* RecommendMentor.swift in Sources */ = {isa = PBXBuildFile; fileRef = 683461112A2C6A0900A31EDB /* RecommendMentor.swift */; };
		6836D2EB28154B9300048E21 /* CoreDataManager.swift in Sources */ = {isa = PBXBuildFile; fileRef = 6836D2EA28154B9300048E21 /* CoreDataManager.swift */; };
		683D5213296AACC800F8EB88 /* CategoryMentoListViewController.swift in Sources */ = {isa = PBXBuildFile; fileRef = 683D5212296AACC800F8EB88 /* CategoryMentoListViewController.swift */; };
		683D5215296AACDE00F8EB88 /* MentoInfoViewController.swift in Sources */ = {isa = PBXBuildFile; fileRef = 683D5214296AACDE00F8EB88 /* MentoInfoViewController.swift */; };
		68442AEB27730E21009DF75A /* AccountsMainViewController.swift in Sources */ = {isa = PBXBuildFile; fileRef = 68442AE927730E21009DF75A /* AccountsMainViewController.swift */; };
		68442AEC27730E21009DF75A /* AccountsRegisterViewController.swift in Sources */ = {isa = PBXBuildFile; fileRef = 68442AEA27730E21009DF75A /* AccountsRegisterViewController.swift */; };
		68442AEF27730E2F009DF75A /* UserModel.swift in Sources */ = {isa = PBXBuildFile; fileRef = 68442AEE27730E2F009DF75A /* UserModel.swift */; };
		6855269E27830BF40030594A /* GoogleService-Info.plist in Resources */ = {isa = PBXBuildFile; fileRef = 6855269D27830BF40030594A /* GoogleService-Info.plist */; };
		6864B288278AFE3C00CE80FE /* APIService.swift in Sources */ = {isa = PBXBuildFile; fileRef = 6864B287278AFE3C00CE80FE /* APIService.swift */; };
		6879ACB928BB73A300E758A4 /* MentoListCell.swift in Sources */ = {isa = PBXBuildFile; fileRef = 6879ACB828BB73A300E758A4 /* MentoListCell.swift */; };
		6880A66228719F7F00DB6D20 /* User.swift in Sources */ = {isa = PBXBuildFile; fileRef = 6880A66128719F7F00DB6D20 /* User.swift */; };
		688518FB2A2DC66F00878D8A /* SubjectInCategoryCollectionViewCell.swift in Sources */ = {isa = PBXBuildFile; fileRef = 688518FA2A2DC66F00878D8A /* SubjectInCategoryCollectionViewCell.swift */; };
		688518FD2A2DCB3C00878D8A /* MentoTableViewCell.swift in Sources */ = {isa = PBXBuildFile; fileRef = 688518FC2A2DCB3C00878D8A /* MentoTableViewCell.swift */; };
		688E6C902A2392E500E21E81 /* CategoryCell.swift in Sources */ = {isa = PBXBuildFile; fileRef = 688E6C8F2A2392E500E21E81 /* CategoryCell.swift */; };
		6892DB16296ADA5F002DB446 /* Chatting.storyboard in Resources */ = {isa = PBXBuildFile; fileRef = 6892DB15296ADA5F002DB446 /* Chatting.storyboard */; };
		6892DB18296ADABE002DB446 /* ChattingViewController.swift in Sources */ = {isa = PBXBuildFile; fileRef = 6892DB17296ADABE002DB446 /* ChattingViewController.swift */; };
		689357FC2998E2DD00022EFB /* NoticeViewController.swift in Sources */ = {isa = PBXBuildFile; fileRef = 689357FB2998E2DD00022EFB /* NoticeViewController.swift */; };
		689357FE2998E32000022EFB /* NoticeTableViewCell.swift in Sources */ = {isa = PBXBuildFile; fileRef = 689357FD2998E32000022EFB /* NoticeTableViewCell.swift */; };
		689358002998E68100022EFB /* NoticeContentTableViewCell.swift in Sources */ = {isa = PBXBuildFile; fileRef = 689357FF2998E68100022EFB /* NoticeContentTableViewCell.swift */; };
		689358022998E90800022EFB /* Notice.swift in Sources */ = {isa = PBXBuildFile; fileRef = 689358012998E90800022EFB /* Notice.swift */; };
		689358042998F26C00022EFB /* AppInfoTableViewCell.swift in Sources */ = {isa = PBXBuildFile; fileRef = 689358032998F26C00022EFB /* AppInfoTableViewCell.swift */; };
		689358062998F8F500022EFB /* ReusableViewController.swift in Sources */ = {isa = PBXBuildFile; fileRef = 689358052998F8F500022EFB /* ReusableViewController.swift */; };
		689478422A35B49700243D47 /* MentoSubjectCollectionViewCell.swift in Sources */ = {isa = PBXBuildFile; fileRef = 689478412A35B49700243D47 /* MentoSubjectCollectionViewCell.swift */; };
		689C759D27AFD80E00C04978 /* DummyData.swift in Sources */ = {isa = PBXBuildFile; fileRef = 689C759C27AFD80E00C04978 /* DummyData.swift */; };
		68B27C8A279D610C0064D1DD /* LoginDataModel.swift in Sources */ = {isa = PBXBuildFile; fileRef = 68B27C89279D610C0064D1DD /* LoginDataModel.swift */; };
		68C42AF227D4C4C300CE9E38 /* MentoRegisterViewController.swift in Sources */ = {isa = PBXBuildFile; fileRef = 68C42AF127D4C4C300CE9E38 /* MentoRegisterViewController.swift */; };
		68C42AF427D4C50400CE9E38 /* ProfileModifyViewController.swift in Sources */ = {isa = PBXBuildFile; fileRef = 68C42AF327D4C50400CE9E38 /* ProfileModifyViewController.swift */; };
		68C42AF927D4CEF600CE9E38 /* SubjectCollectionViewCell.swift in Sources */ = {isa = PBXBuildFile; fileRef = 68C42AF827D4CEF600CE9E38 /* SubjectCollectionViewCell.swift */; };
		68CE951C296933DD00482764 /* Accounts.storyboard in Resources */ = {isa = PBXBuildFile; fileRef = 68CE951B296933DD00482764 /* Accounts.storyboard */; };
		68CE951E296933E400482764 /* MyPage.storyboard in Resources */ = {isa = PBXBuildFile; fileRef = 68CE951D296933E400482764 /* MyPage.storyboard */; };
		68D41CD428A9082B0098B29D /* MentoListView.swift in Sources */ = {isa = PBXBuildFile; fileRef = 68D41CD328A9082B0098B29D /* MentoListView.swift */; };
		68D4385227942FA80082BE11 /* Config.swift in Sources */ = {isa = PBXBuildFile; fileRef = 68D4385127942FA80082BE11 /* Config.swift */; };
		68D794EC293368C300C905D5 /* launchMsg.png in Resources */ = {isa = PBXBuildFile; fileRef = 68D794EA293368C200C905D5 /* launchMsg.png */; };
		68D794ED293368C300C905D5 /* logo.png in Resources */ = {isa = PBXBuildFile; fileRef = 68D794EB293368C200C905D5 /* logo.png */; };
		68D794EF293368EA00C905D5 /* launchBottom.png in Resources */ = {isa = PBXBuildFile; fileRef = 68D794EE293368EA00C905D5 /* launchBottom.png */; };
		68D794F1293378F800C905D5 /* CategoryListViewController.swift in Sources */ = {isa = PBXBuildFile; fileRef = 68D794F0293378F800C905D5 /* CategoryListViewController.swift */; };
		68D92B9727DDF55600866E0D /* AccountModifyTableViewCell.swift in Sources */ = {isa = PBXBuildFile; fileRef = 68D92B9627DDF55600866E0D /* AccountModifyTableViewCell.swift */; };
		68D92B9927DDF9F900866E0D /* SubjectModifyViewController.swift in Sources */ = {isa = PBXBuildFile; fileRef = 68D92B9827DDF9F900866E0D /* SubjectModifyViewController.swift */; };
		68D92B9C27DE0EB800866E0D /* SubjectCategoryCollectionViewCell.swift in Sources */ = {isa = PBXBuildFile; fileRef = 68D92B9B27DE0EB800866E0D /* SubjectCategoryCollectionViewCell.swift */; };
		68E53B4A2A1A0B1200DD6F26 /* Category.swift in Sources */ = {isa = PBXBuildFile; fileRef = 68E53B492A1A0B1200DD6F26 /* Category.swift */; };
		68E53B4C2A1A12AA00DD6F26 /* Const.swift in Sources */ = {isa = PBXBuildFile; fileRef = 68E53B4B2A1A12AA00DD6F26 /* Const.swift */; };
		68EBBE712A288AF4005F674A /* UserDefaultsManager.swift in Sources */ = {isa = PBXBuildFile; fileRef = 68EBBE702A288AF4005F674A /* UserDefaultsManager.swift */; };
		68F26FAD293C99390059D700 /* MentoSubjectTableViewCell.swift in Sources */ = {isa = PBXBuildFile; fileRef = 68F26FAB293C99390059D700 /* MentoSubjectTableViewCell.swift */; };
		68F26FAE293C99390059D700 /* MentoSubjectTableViewCell.xib in Resources */ = {isa = PBXBuildFile; fileRef = 68F26FAC293C99390059D700 /* MentoSubjectTableViewCell.xib */; };
		68F26FB1293CA2930059D700 /* MetnoSubjectCollectionViewCell.swift in Sources */ = {isa = PBXBuildFile; fileRef = 68F26FAF293CA2930059D700 /* MetnoSubjectCollectionViewCell.swift */; };
		68F26FB2293CA2930059D700 /* MetnoSubjectCollectionViewCell.xib in Resources */ = {isa = PBXBuildFile; fileRef = 68F26FB0293CA2930059D700 /* MetnoSubjectCollectionViewCell.xib */; };
		68F3AE6A280C24AC00CF53DC /* SubjectModel.swift in Sources */ = {isa = PBXBuildFile; fileRef = 68F3AE69280C24AC00CF53DC /* SubjectModel.swift */; };
		68F6ED1128FC0E5A003C93D3 /* UserModel.xcdatamodeld in Sources */ = {isa = PBXBuildFile; fileRef = 68F6ED0F28FC0E5A003C93D3 /* UserModel.xcdatamodeld */; };
		68F6ED1C28FC0F58003C93D3 /* UserEntity+CoreDataClass.swift in Sources */ = {isa = PBXBuildFile; fileRef = 68F6ED1928FC0F58003C93D3 /* UserEntity+CoreDataClass.swift */; };
		68F6ED1D28FC0F58003C93D3 /* SubjectEntity+CoreDataClass.swift in Sources */ = {isa = PBXBuildFile; fileRef = 68F6ED1828FC0F58003C93D3 /* SubjectEntity+CoreDataClass.swift */; };
		68F6ED1E28FC0F58003C93D3 /* SubjectEntity+CoreDataProperties.swift in Sources */ = {isa = PBXBuildFile; fileRef = 68F6ED1A28FC0F58003C93D3 /* SubjectEntity+CoreDataProperties.swift */; };
		68F6ED1F28FC0F58003C93D3 /* UserEntity+CoreDataProperties.swift in Sources */ = {isa = PBXBuildFile; fileRef = 68F6ED1B28FC0F58003C93D3 /* UserEntity+CoreDataProperties.swift */; };
		68F6F5C728D726EA0092B477 /* Assets.xcassets in Resources */ = {isa = PBXBuildFile; fileRef = 68F6F5C628D726EA0092B477 /* Assets.xcassets */; };
		68FA133D298FCB8000F950A6 /* AppInfoViewController.swift in Sources */ = {isa = PBXBuildFile; fileRef = 68FA133C298FCB8000F950A6 /* AppInfoViewController.swift */; };
		AF54187CD725C296D73ECC3A /* Pods_UnivLadder.framework in Frameworks */ = {isa = PBXBuildFile; fileRef = 5DA1B81DB2AEF4DFE2B2714A /* Pods_UnivLadder.framework */; };
		E5043A0226A4285E004D2870 /* AppColorSet.swift in Sources */ = {isa = PBXBuildFile; fileRef = E5043A0126A4285E004D2870 /* AppColorSet.swift */; };
		E50F466F27705F5E00BEED86 /* MyChatBubbleCell.swift in Sources */ = {isa = PBXBuildFile; fileRef = E50F466E27705F5E00BEED86 /* MyChatBubbleCell.swift */; };
		E546934227F9C12B007A1791 /* APIService+Ex.swift in Sources */ = {isa = PBXBuildFile; fileRef = E546934127F9C12B007A1791 /* APIService+Ex.swift */; };
		E546934427F9C31A007A1791 /* SocketManager.swift in Sources */ = {isa = PBXBuildFile; fileRef = E546934327F9C31A007A1791 /* SocketManager.swift */; };
		E546934727F9C749007A1791 /* ChatModel.swift in Sources */ = {isa = PBXBuildFile; fileRef = E546934627F9C749007A1791 /* ChatModel.swift */; };
		E5576B05275E27DC002BF041 /* ConstantManager.swift in Sources */ = {isa = PBXBuildFile; fileRef = E5576B04275E27DC002BF041 /* ConstantManager.swift */; };
		E567E33E2802E09900F83683 /* Endpoint.swift in Sources */ = {isa = PBXBuildFile; fileRef = E567E33D2802E09900F83683 /* Endpoint.swift */; };
		E56ABEE32647C4B800A45786 /* ChatRoomListCell.swift in Sources */ = {isa = PBXBuildFile; fileRef = E56ABEE22647C4B800A45786 /* ChatRoomListCell.swift */; };
		E56ABEE82647C8A100A45786 /* ChatRoomViewController.swift in Sources */ = {isa = PBXBuildFile; fileRef = E56ABEE72647C8A100A45786 /* ChatRoomViewController.swift */; };
		E56ABEED2647CC0D00A45786 /* YourChatBubbleCell.swift in Sources */ = {isa = PBXBuildFile; fileRef = E56ABEEC2647CC0D00A45786 /* YourChatBubbleCell.swift */; };
		E57A31B927B900DF00276D7F /* UIViewController+Extension.swift in Sources */ = {isa = PBXBuildFile; fileRef = E57A31B827B900DF00276D7F /* UIViewController+Extension.swift */; };
		E57A31BD27B902F000276D7F /* StoryboardInitializable.swift in Sources */ = {isa = PBXBuildFile; fileRef = E57A31BC27B902F000276D7F /* StoryboardInitializable.swift */; };
		E587B0712712F54D00FAD77D /* MyPageViewController.swift in Sources */ = {isa = PBXBuildFile; fileRef = E587B0702712F54D00FAD77D /* MyPageViewController.swift */; };
		E587B0732712F66100FAD77D /* MyPageCell.swift in Sources */ = {isa = PBXBuildFile; fileRef = E587B0722712F66100FAD77D /* MyPageCell.swift */; };
		E58A9C1A27DDEF1000A4ACBB /* UIButton+Extension.swift in Sources */ = {isa = PBXBuildFile; fileRef = E58A9C1927DDEF1000A4ACBB /* UIButton+Extension.swift */; };
		E58A9C1C27DDF02B00A4ACBB /* Colors+Generated.swift in Sources */ = {isa = PBXBuildFile; fileRef = E58A9C1B27DDF02B00A4ACBB /* Colors+Generated.swift */; };
		E58A9C1E27DDF68A00A4ACBB /* Fonts+Generated.swift in Sources */ = {isa = PBXBuildFile; fileRef = E58A9C1D27DDF68A00A4ACBB /* Fonts+Generated.swift */; };
		E58A9C2027DE0A6700A4ACBB /* Images.xcassets in Resources */ = {isa = PBXBuildFile; fileRef = E58A9C1F27DE0A6700A4ACBB /* Images.xcassets */; };
		E58D4B60275DF339009CF08D /* ThemeManager.swift in Sources */ = {isa = PBXBuildFile; fileRef = E58D4B5F275DF339009CF08D /* ThemeManager.swift */; };
		E58D4B63275DF3F1009CF08D /* MentoListViewController.swift in Sources */ = {isa = PBXBuildFile; fileRef = E58D4B62275DF3F1009CF08D /* MentoListViewController.swift */; };
		E5AF9A38280C2A1B00601AE2 /* ChatListViewModel.swift in Sources */ = {isa = PBXBuildFile; fileRef = E5AF9A37280C2A1B00601AE2 /* ChatListViewModel.swift */; };
		E5AF9A42280C2D1000601AE2 /* ViewModelType.swift in Sources */ = {isa = PBXBuildFile; fileRef = E5AF9A41280C2D1000601AE2 /* ViewModelType.swift */; };
		E5B38B222615EBCC00D4EB5D /* AppDelegate.swift in Sources */ = {isa = PBXBuildFile; fileRef = E5B38B212615EBCC00D4EB5D /* AppDelegate.swift */; };
		E5B38B242615EBCC00D4EB5D /* SceneDelegate.swift in Sources */ = {isa = PBXBuildFile; fileRef = E5B38B232615EBCC00D4EB5D /* SceneDelegate.swift */; };
		E5B38B292615EBCC00D4EB5D /* Main.storyboard in Resources */ = {isa = PBXBuildFile; fileRef = E5B38B272615EBCC00D4EB5D /* Main.storyboard */; };
		E5B38B2C2615EBCC00D4EB5D /* UnivLadder.xcdatamodeld in Sources */ = {isa = PBXBuildFile; fileRef = E5B38B2A2615EBCC00D4EB5D /* UnivLadder.xcdatamodeld */; };
		E5B38B312615EBCC00D4EB5D /* LaunchScreen.storyboard in Resources */ = {isa = PBXBuildFile; fileRef = E5B38B2F2615EBCC00D4EB5D /* LaunchScreen.storyboard */; };
		E5B38B3C2615EBCC00D4EB5D /* UnivLadderTests.swift in Sources */ = {isa = PBXBuildFile; fileRef = E5B38B3B2615EBCC00D4EB5D /* UnivLadderTests.swift */; };
		E5B38B472615EBCD00D4EB5D /* UnivLadderUITests.swift in Sources */ = {isa = PBXBuildFile; fileRef = E5B38B462615EBCD00D4EB5D /* UnivLadderUITests.swift */; };
		E5B6CECA269A87AF005D0501 /* UIColor+Extension.swift in Sources */ = {isa = PBXBuildFile; fileRef = E5B6CEC9269A87AF005D0501 /* UIColor+Extension.swift */; };
		E5B6CECC269A8808005D0501 /* UINavigationBar+Extension.swift in Sources */ = {isa = PBXBuildFile; fileRef = E5B6CECB269A8808005D0501 /* UINavigationBar+Extension.swift */; };
		E5F3F95326470FFC00763ADB /* MentoList.storyboard in Resources */ = {isa = PBXBuildFile; fileRef = E5F3F95126470FFC00763ADB /* MentoList.storyboard */; };
		E5F3F9722647108100763ADB /* MainTabBarViewController.swift in Sources */ = {isa = PBXBuildFile; fileRef = E5F3F9712647108100763ADB /* MainTabBarViewController.swift */; };
		E5F3F97A264710EE00763ADB /* ChatListViewController.swift in Sources */ = {isa = PBXBuildFile; fileRef = E5F3F979264710EE00763ADB /* ChatListViewController.swift */; };
		E5FA9B9827DDE4CC009C9C9E /* MainView.swift in Sources */ = {isa = PBXBuildFile; fileRef = E5FA9B9727DDE4CC009C9C9E /* MainView.swift */; };
		E5FA9B9A27DDE55C009C9C9E /* ViewRepresentable.swift in Sources */ = {isa = PBXBuildFile; fileRef = E5FA9B9927DDE55C009C9C9E /* ViewRepresentable.swift */; };
		E5FA9B9E27DDEA5B009C9C9E /* Colors.xcassets in Resources */ = {isa = PBXBuildFile; fileRef = E5FA9B9D27DDEA5B009C9C9E /* Colors.xcassets */; };
		E5FDFBEB264E7857000269F9 /* esamanru OTF Bold.otf in Resources */ = {isa = PBXBuildFile; fileRef = E5FDFBE5264E775F000269F9 /* esamanru OTF Bold.otf */; };
		E5FDFBEC264E7857000269F9 /* esamanru OTF Light.otf in Resources */ = {isa = PBXBuildFile; fileRef = E5FDFBE4264E775F000269F9 /* esamanru OTF Light.otf */; };
		E5FDFBED264E7857000269F9 /* esamanru OTF Medium.otf in Resources */ = {isa = PBXBuildFile; fileRef = E5FDFBE6264E775F000269F9 /* esamanru OTF Medium.otf */; };
		E5FDFBEE264E7857000269F9 /* GmarketSansBold.otf in Resources */ = {isa = PBXBuildFile; fileRef = E5FDFBE7264E775F000269F9 /* GmarketSansBold.otf */; };
		E5FDFBEF264E7857000269F9 /* GmarketSansLight.otf in Resources */ = {isa = PBXBuildFile; fileRef = E5FDFBE2264E775F000269F9 /* GmarketSansLight.otf */; };
		E5FDFBF0264E7857000269F9 /* GmarketSansMedium.otf in Resources */ = {isa = PBXBuildFile; fileRef = E5FDFBE3264E775F000269F9 /* GmarketSansMedium.otf */; };
/* End PBXBuildFile section */

/* Begin PBXContainerItemProxy section */
		E5B38B382615EBCC00D4EB5D /* PBXContainerItemProxy */ = {
			isa = PBXContainerItemProxy;
			containerPortal = E5B38B162615EBCC00D4EB5D /* Project object */;
			proxyType = 1;
			remoteGlobalIDString = E5B38B1D2615EBCC00D4EB5D;
			remoteInfo = UnivLadder;
		};
		E5B38B432615EBCC00D4EB5D /* PBXContainerItemProxy */ = {
			isa = PBXContainerItemProxy;
			containerPortal = E5B38B162615EBCC00D4EB5D /* Project object */;
			proxyType = 1;
			remoteGlobalIDString = E5B38B1D2615EBCC00D4EB5D;
			remoteInfo = UnivLadder;
		};
/* End PBXContainerItemProxy section */

/* Begin PBXFileReference section */
		419AB5D84CFD7F00C3CF602A /* Pods-UnivLadder-UnivLadderUITests.release.xcconfig */ = {isa = PBXFileReference; includeInIndex = 1; lastKnownFileType = text.xcconfig; name = "Pods-UnivLadder-UnivLadderUITests.release.xcconfig"; path = "Target Support Files/Pods-UnivLadder-UnivLadderUITests/Pods-UnivLadder-UnivLadderUITests.release.xcconfig"; sourceTree = "<group>"; };
		41D277C4299A8DFAC0969758 /* Pods-UnivLadderTests.debug.xcconfig */ = {isa = PBXFileReference; includeInIndex = 1; lastKnownFileType = text.xcconfig; name = "Pods-UnivLadderTests.debug.xcconfig"; path = "Target Support Files/Pods-UnivLadderTests/Pods-UnivLadderTests.debug.xcconfig"; sourceTree = "<group>"; };
		4E6864AAC8D2CD53104ECBF2 /* Pods_UnivLadderTests.framework */ = {isa = PBXFileReference; explicitFileType = wrapper.framework; includeInIndex = 0; path = Pods_UnivLadderTests.framework; sourceTree = BUILT_PRODUCTS_DIR; };
		5DA1B81DB2AEF4DFE2B2714A /* Pods_UnivLadder.framework */ = {isa = PBXFileReference; explicitFileType = wrapper.framework; includeInIndex = 0; path = Pods_UnivLadder.framework; sourceTree = BUILT_PRODUCTS_DIR; };
		680452ED27F07F1E00F24A25 /* PageCollectionViewCell.swift */ = {isa = PBXFileReference; lastKnownFileType = sourcecode.swift; path = PageCollectionViewCell.swift; sourceTree = "<group>"; };
		6815DB36297A735D00E6B356 /* KeyChain.swift */ = {isa = PBXFileReference; lastKnownFileType = sourcecode.swift; path = KeyChain.swift; sourceTree = "<group>"; };
		6819DD9D2802D9B400C7FF54 /* UserDefaultManager.swift */ = {isa = PBXFileReference; lastKnownFileType = sourcecode.swift; path = UserDefaultManager.swift; sourceTree = "<group>"; };
		68288C9828F2CCAD00E2B70D /* AccountModifyViewController.swift */ = {isa = PBXFileReference; lastKnownFileType = sourcecode.swift; path = AccountModifyViewController.swift; sourceTree = "<group>"; };
		683461112A2C6A0900A31EDB /* RecommendMentor.swift */ = {isa = PBXFileReference; lastKnownFileType = sourcecode.swift; path = RecommendMentor.swift; sourceTree = "<group>"; };
		6836D2EA28154B9300048E21 /* CoreDataManager.swift */ = {isa = PBXFileReference; lastKnownFileType = sourcecode.swift; path = CoreDataManager.swift; sourceTree = "<group>"; };
		683D5212296AACC800F8EB88 /* CategoryMentoListViewController.swift */ = {isa = PBXFileReference; lastKnownFileType = sourcecode.swift; path = CategoryMentoListViewController.swift; sourceTree = "<group>"; };
		683D5214296AACDE00F8EB88 /* MentoInfoViewController.swift */ = {isa = PBXFileReference; lastKnownFileType = sourcecode.swift; path = MentoInfoViewController.swift; sourceTree = "<group>"; };
		68442AE927730E21009DF75A /* AccountsMainViewController.swift */ = {isa = PBXFileReference; fileEncoding = 4; lastKnownFileType = sourcecode.swift; path = AccountsMainViewController.swift; sourceTree = "<group>"; };
		68442AEA27730E21009DF75A /* AccountsRegisterViewController.swift */ = {isa = PBXFileReference; fileEncoding = 4; lastKnownFileType = sourcecode.swift; path = AccountsRegisterViewController.swift; sourceTree = "<group>"; };
		68442AEE27730E2F009DF75A /* UserModel.swift */ = {isa = PBXFileReference; fileEncoding = 4; lastKnownFileType = sourcecode.swift; path = UserModel.swift; sourceTree = "<group>"; };
		6855269D27830BF40030594A /* GoogleService-Info.plist */ = {isa = PBXFileReference; fileEncoding = 4; lastKnownFileType = text.plist.xml; path = "GoogleService-Info.plist"; sourceTree = "<group>"; };
		6864B287278AFE3C00CE80FE /* APIService.swift */ = {isa = PBXFileReference; lastKnownFileType = sourcecode.swift; path = APIService.swift; sourceTree = "<group>"; };
		6879ACB828BB73A300E758A4 /* MentoListCell.swift */ = {isa = PBXFileReference; lastKnownFileType = sourcecode.swift; path = MentoListCell.swift; sourceTree = "<group>"; };
		6880A66128719F7F00DB6D20 /* User.swift */ = {isa = PBXFileReference; lastKnownFileType = sourcecode.swift; path = User.swift; sourceTree = "<group>"; };
		688518FA2A2DC66F00878D8A /* SubjectInCategoryCollectionViewCell.swift */ = {isa = PBXFileReference; lastKnownFileType = sourcecode.swift; path = SubjectInCategoryCollectionViewCell.swift; sourceTree = "<group>"; };
		688518FC2A2DCB3C00878D8A /* MentoTableViewCell.swift */ = {isa = PBXFileReference; lastKnownFileType = sourcecode.swift; path = MentoTableViewCell.swift; sourceTree = "<group>"; };
		688E6C8F2A2392E500E21E81 /* CategoryCell.swift */ = {isa = PBXFileReference; lastKnownFileType = sourcecode.swift; path = CategoryCell.swift; sourceTree = "<group>"; };
		6892DB15296ADA5F002DB446 /* Chatting.storyboard */ = {isa = PBXFileReference; lastKnownFileType = file.storyboard; path = Chatting.storyboard; sourceTree = "<group>"; };
		6892DB17296ADABE002DB446 /* ChattingViewController.swift */ = {isa = PBXFileReference; lastKnownFileType = sourcecode.swift; path = ChattingViewController.swift; sourceTree = "<group>"; };
		689357FB2998E2DD00022EFB /* NoticeViewController.swift */ = {isa = PBXFileReference; lastKnownFileType = sourcecode.swift; path = NoticeViewController.swift; sourceTree = "<group>"; };
		689357FD2998E32000022EFB /* NoticeTableViewCell.swift */ = {isa = PBXFileReference; lastKnownFileType = sourcecode.swift; path = NoticeTableViewCell.swift; sourceTree = "<group>"; };
		689357FF2998E68100022EFB /* NoticeContentTableViewCell.swift */ = {isa = PBXFileReference; lastKnownFileType = sourcecode.swift; path = NoticeContentTableViewCell.swift; sourceTree = "<group>"; };
		689358012998E90800022EFB /* Notice.swift */ = {isa = PBXFileReference; lastKnownFileType = sourcecode.swift; path = Notice.swift; sourceTree = "<group>"; };
		689358032998F26C00022EFB /* AppInfoTableViewCell.swift */ = {isa = PBXFileReference; lastKnownFileType = sourcecode.swift; path = AppInfoTableViewCell.swift; sourceTree = "<group>"; };
		689358052998F8F500022EFB /* ReusableViewController.swift */ = {isa = PBXFileReference; lastKnownFileType = sourcecode.swift; path = ReusableViewController.swift; sourceTree = "<group>"; };
		689478412A35B49700243D47 /* MentoSubjectCollectionViewCell.swift */ = {isa = PBXFileReference; lastKnownFileType = sourcecode.swift; path = MentoSubjectCollectionViewCell.swift; sourceTree = "<group>"; };
		689C759C27AFD80E00C04978 /* DummyData.swift */ = {isa = PBXFileReference; lastKnownFileType = sourcecode.swift; path = DummyData.swift; sourceTree = "<group>"; };
		68B27C89279D610C0064D1DD /* LoginDataModel.swift */ = {isa = PBXFileReference; lastKnownFileType = sourcecode.swift; path = LoginDataModel.swift; sourceTree = "<group>"; };
		68C42AF127D4C4C300CE9E38 /* MentoRegisterViewController.swift */ = {isa = PBXFileReference; lastKnownFileType = sourcecode.swift; path = MentoRegisterViewController.swift; sourceTree = "<group>"; };
		68C42AF327D4C50400CE9E38 /* ProfileModifyViewController.swift */ = {isa = PBXFileReference; lastKnownFileType = sourcecode.swift; path = ProfileModifyViewController.swift; sourceTree = "<group>"; };
		68C42AF827D4CEF600CE9E38 /* SubjectCollectionViewCell.swift */ = {isa = PBXFileReference; fileEncoding = 4; lastKnownFileType = sourcecode.swift; path = SubjectCollectionViewCell.swift; sourceTree = "<group>"; };
		68CE951B296933DD00482764 /* Accounts.storyboard */ = {isa = PBXFileReference; fileEncoding = 4; lastKnownFileType = file.storyboard; name = Accounts.storyboard; path = UnivLadder/ViewControllers/Storyboards/Accounts.storyboard; sourceTree = SOURCE_ROOT; };
		68CE951D296933E400482764 /* MyPage.storyboard */ = {isa = PBXFileReference; fileEncoding = 4; lastKnownFileType = file.storyboard; name = MyPage.storyboard; path = UnivLadder/MyPage/MyPage.storyboard; sourceTree = SOURCE_ROOT; };
		68D41CD328A9082B0098B29D /* MentoListView.swift */ = {isa = PBXFileReference; lastKnownFileType = sourcecode.swift; path = MentoListView.swift; sourceTree = "<group>"; };
		68D4385127942FA80082BE11 /* Config.swift */ = {isa = PBXFileReference; lastKnownFileType = sourcecode.swift; path = Config.swift; sourceTree = "<group>"; };
		68D794EA293368C200C905D5 /* launchMsg.png */ = {isa = PBXFileReference; lastKnownFileType = image.png; path = launchMsg.png; sourceTree = "<group>"; };
		68D794EB293368C200C905D5 /* logo.png */ = {isa = PBXFileReference; lastKnownFileType = image.png; path = logo.png; sourceTree = "<group>"; };
		68D794EE293368EA00C905D5 /* launchBottom.png */ = {isa = PBXFileReference; lastKnownFileType = image.png; path = launchBottom.png; sourceTree = "<group>"; };
		68D794F0293378F800C905D5 /* CategoryListViewController.swift */ = {isa = PBXFileReference; lastKnownFileType = sourcecode.swift; path = CategoryListViewController.swift; sourceTree = "<group>"; };
		68D92B9627DDF55600866E0D /* AccountModifyTableViewCell.swift */ = {isa = PBXFileReference; lastKnownFileType = sourcecode.swift; path = AccountModifyTableViewCell.swift; sourceTree = "<group>"; };
		68D92B9827DDF9F900866E0D /* SubjectModifyViewController.swift */ = {isa = PBXFileReference; lastKnownFileType = sourcecode.swift; path = SubjectModifyViewController.swift; sourceTree = "<group>"; };
		68D92B9B27DE0EB800866E0D /* SubjectCategoryCollectionViewCell.swift */ = {isa = PBXFileReference; lastKnownFileType = sourcecode.swift; path = SubjectCategoryCollectionViewCell.swift; sourceTree = "<group>"; };
		68E53B492A1A0B1200DD6F26 /* Category.swift */ = {isa = PBXFileReference; lastKnownFileType = sourcecode.swift; path = Category.swift; sourceTree = "<group>"; };
		68E53B4B2A1A12AA00DD6F26 /* Const.swift */ = {isa = PBXFileReference; lastKnownFileType = sourcecode.swift; path = Const.swift; sourceTree = "<group>"; };
		68EBBE702A288AF4005F674A /* UserDefaultsManager.swift */ = {isa = PBXFileReference; lastKnownFileType = sourcecode.swift; path = UserDefaultsManager.swift; sourceTree = "<group>"; };
		68F06FA927782576008A9511 /* UnivLadder.entitlements */ = {isa = PBXFileReference; lastKnownFileType = text.plist.entitlements; path = UnivLadder.entitlements; sourceTree = "<group>"; };
		68F26FAB293C99390059D700 /* MentoSubjectTableViewCell.swift */ = {isa = PBXFileReference; lastKnownFileType = sourcecode.swift; path = MentoSubjectTableViewCell.swift; sourceTree = "<group>"; };
		68F26FAC293C99390059D700 /* MentoSubjectTableViewCell.xib */ = {isa = PBXFileReference; lastKnownFileType = file.xib; path = MentoSubjectTableViewCell.xib; sourceTree = "<group>"; };
		68F26FAF293CA2930059D700 /* MetnoSubjectCollectionViewCell.swift */ = {isa = PBXFileReference; lastKnownFileType = sourcecode.swift; path = MetnoSubjectCollectionViewCell.swift; sourceTree = "<group>"; };
		68F26FB0293CA2930059D700 /* MetnoSubjectCollectionViewCell.xib */ = {isa = PBXFileReference; lastKnownFileType = file.xib; path = MetnoSubjectCollectionViewCell.xib; sourceTree = "<group>"; };
		68F3AE69280C24AC00CF53DC /* SubjectModel.swift */ = {isa = PBXFileReference; lastKnownFileType = sourcecode.swift; path = SubjectModel.swift; sourceTree = "<group>"; };
		68F6ED1028FC0E5A003C93D3 /* UserModel.xcdatamodel */ = {isa = PBXFileReference; lastKnownFileType = wrapper.xcdatamodel; path = UserModel.xcdatamodel; sourceTree = "<group>"; };
		68F6ED1828FC0F58003C93D3 /* SubjectEntity+CoreDataClass.swift */ = {isa = PBXFileReference; lastKnownFileType = sourcecode.swift; name = "SubjectEntity+CoreDataClass.swift"; path = "/Users/leeyeon2/Dev/Univ/Univ-iOS_leeyeon/UnivLadder/DB/SubjectEntity+CoreDataClass.swift"; sourceTree = "<absolute>"; };
		68F6ED1928FC0F58003C93D3 /* UserEntity+CoreDataClass.swift */ = {isa = PBXFileReference; lastKnownFileType = sourcecode.swift; name = "UserEntity+CoreDataClass.swift"; path = "/Users/leeyeon2/Dev/Univ/Univ-iOS_leeyeon/UnivLadder/DB/UserEntity+CoreDataClass.swift"; sourceTree = "<absolute>"; };
		68F6ED1A28FC0F58003C93D3 /* SubjectEntity+CoreDataProperties.swift */ = {isa = PBXFileReference; lastKnownFileType = sourcecode.swift; name = "SubjectEntity+CoreDataProperties.swift"; path = "/Users/leeyeon2/Dev/Univ/Univ-iOS_leeyeon/UnivLadder/DB/SubjectEntity+CoreDataProperties.swift"; sourceTree = "<absolute>"; };
		68F6ED1B28FC0F58003C93D3 /* UserEntity+CoreDataProperties.swift */ = {isa = PBXFileReference; lastKnownFileType = sourcecode.swift; name = "UserEntity+CoreDataProperties.swift"; path = "/Users/leeyeon2/Dev/Univ/Univ-iOS_leeyeon/UnivLadder/DB/UserEntity+CoreDataProperties.swift"; sourceTree = "<absolute>"; };
		68F6F5C628D726EA0092B477 /* Assets.xcassets */ = {isa = PBXFileReference; lastKnownFileType = folder.assetcatalog; path = Assets.xcassets; sourceTree = "<group>"; };
		68FA133C298FCB8000F950A6 /* AppInfoViewController.swift */ = {isa = PBXFileReference; lastKnownFileType = sourcecode.swift; path = AppInfoViewController.swift; sourceTree = "<group>"; };
		9B84878A71CDD8EF1B04D5B7 /* Pods-UnivLadder.release.xcconfig */ = {isa = PBXFileReference; includeInIndex = 1; lastKnownFileType = text.xcconfig; name = "Pods-UnivLadder.release.xcconfig"; path = "Target Support Files/Pods-UnivLadder/Pods-UnivLadder.release.xcconfig"; sourceTree = "<group>"; };
		CF7FBFF01A314D0CBD4ACC8C /* Pods_UnivLadder_UnivLadderUITests.framework */ = {isa = PBXFileReference; explicitFileType = wrapper.framework; includeInIndex = 0; path = Pods_UnivLadder_UnivLadderUITests.framework; sourceTree = BUILT_PRODUCTS_DIR; };
		E0F1C83937D5AB2F8D6ED521 /* Pods-UnivLadder-UnivLadderUITests.debug.xcconfig */ = {isa = PBXFileReference; includeInIndex = 1; lastKnownFileType = text.xcconfig; name = "Pods-UnivLadder-UnivLadderUITests.debug.xcconfig"; path = "Target Support Files/Pods-UnivLadder-UnivLadderUITests/Pods-UnivLadder-UnivLadderUITests.debug.xcconfig"; sourceTree = "<group>"; };
		E5043A0126A4285E004D2870 /* AppColorSet.swift */ = {isa = PBXFileReference; lastKnownFileType = sourcecode.swift; path = AppColorSet.swift; sourceTree = "<group>"; };
		E50F466E27705F5E00BEED86 /* MyChatBubbleCell.swift */ = {isa = PBXFileReference; lastKnownFileType = sourcecode.swift; path = MyChatBubbleCell.swift; sourceTree = "<group>"; };
		E546934127F9C12B007A1791 /* APIService+Ex.swift */ = {isa = PBXFileReference; lastKnownFileType = sourcecode.swift; path = "APIService+Ex.swift"; sourceTree = "<group>"; };
		E546934327F9C31A007A1791 /* SocketManager.swift */ = {isa = PBXFileReference; lastKnownFileType = sourcecode.swift; path = SocketManager.swift; sourceTree = "<group>"; };
		E546934627F9C749007A1791 /* ChatModel.swift */ = {isa = PBXFileReference; lastKnownFileType = sourcecode.swift; path = ChatModel.swift; sourceTree = "<group>"; };
		E5576B04275E27DC002BF041 /* ConstantManager.swift */ = {isa = PBXFileReference; lastKnownFileType = sourcecode.swift; path = ConstantManager.swift; sourceTree = "<group>"; };
		E567E33D2802E09900F83683 /* Endpoint.swift */ = {isa = PBXFileReference; lastKnownFileType = sourcecode.swift; path = Endpoint.swift; sourceTree = "<group>"; };
		E56ABEE22647C4B800A45786 /* ChatRoomListCell.swift */ = {isa = PBXFileReference; lastKnownFileType = sourcecode.swift; path = ChatRoomListCell.swift; sourceTree = "<group>"; };
		E56ABEE72647C8A100A45786 /* ChatRoomViewController.swift */ = {isa = PBXFileReference; lastKnownFileType = sourcecode.swift; path = ChatRoomViewController.swift; sourceTree = "<group>"; };
		E56ABEEC2647CC0D00A45786 /* YourChatBubbleCell.swift */ = {isa = PBXFileReference; lastKnownFileType = sourcecode.swift; path = YourChatBubbleCell.swift; sourceTree = "<group>"; };
		E57A31B827B900DF00276D7F /* UIViewController+Extension.swift */ = {isa = PBXFileReference; lastKnownFileType = sourcecode.swift; path = "UIViewController+Extension.swift"; sourceTree = "<group>"; };
		E57A31BC27B902F000276D7F /* StoryboardInitializable.swift */ = {isa = PBXFileReference; lastKnownFileType = sourcecode.swift; path = StoryboardInitializable.swift; sourceTree = "<group>"; };
		E587B0702712F54D00FAD77D /* MyPageViewController.swift */ = {isa = PBXFileReference; lastKnownFileType = sourcecode.swift; path = MyPageViewController.swift; sourceTree = "<group>"; };
		E587B0722712F66100FAD77D /* MyPageCell.swift */ = {isa = PBXFileReference; lastKnownFileType = sourcecode.swift; path = MyPageCell.swift; sourceTree = "<group>"; };
		E58A9C1927DDEF1000A4ACBB /* UIButton+Extension.swift */ = {isa = PBXFileReference; lastKnownFileType = sourcecode.swift; path = "UIButton+Extension.swift"; sourceTree = "<group>"; };
		E58A9C1B27DDF02B00A4ACBB /* Colors+Generated.swift */ = {isa = PBXFileReference; fileEncoding = 4; lastKnownFileType = sourcecode.swift; path = "Colors+Generated.swift"; sourceTree = "<group>"; };
		E58A9C1D27DDF68A00A4ACBB /* Fonts+Generated.swift */ = {isa = PBXFileReference; fileEncoding = 4; lastKnownFileType = sourcecode.swift; path = "Fonts+Generated.swift"; sourceTree = "<group>"; };
		E58A9C1F27DE0A6700A4ACBB /* Images.xcassets */ = {isa = PBXFileReference; lastKnownFileType = folder.assetcatalog; path = Images.xcassets; sourceTree = "<group>"; };
		E58D4B5F275DF339009CF08D /* ThemeManager.swift */ = {isa = PBXFileReference; lastKnownFileType = sourcecode.swift; path = ThemeManager.swift; sourceTree = "<group>"; };
		E58D4B62275DF3F1009CF08D /* MentoListViewController.swift */ = {isa = PBXFileReference; lastKnownFileType = sourcecode.swift; path = MentoListViewController.swift; sourceTree = "<group>"; };
		E5AF9A37280C2A1B00601AE2 /* ChatListViewModel.swift */ = {isa = PBXFileReference; lastKnownFileType = sourcecode.swift; path = ChatListViewModel.swift; sourceTree = "<group>"; };
		E5AF9A41280C2D1000601AE2 /* ViewModelType.swift */ = {isa = PBXFileReference; lastKnownFileType = sourcecode.swift; path = ViewModelType.swift; sourceTree = "<group>"; };
		E5B38B1E2615EBCC00D4EB5D /* Real Tutor.app */ = {isa = PBXFileReference; explicitFileType = wrapper.application; includeInIndex = 0; path = "Real Tutor.app"; sourceTree = BUILT_PRODUCTS_DIR; };
		E5B38B212615EBCC00D4EB5D /* AppDelegate.swift */ = {isa = PBXFileReference; lastKnownFileType = sourcecode.swift; path = AppDelegate.swift; sourceTree = "<group>"; };
		E5B38B232615EBCC00D4EB5D /* SceneDelegate.swift */ = {isa = PBXFileReference; lastKnownFileType = sourcecode.swift; path = SceneDelegate.swift; sourceTree = "<group>"; };
		E5B38B282615EBCC00D4EB5D /* Base */ = {isa = PBXFileReference; lastKnownFileType = file.storyboard; name = Base; path = Base.lproj/Main.storyboard; sourceTree = "<group>"; };
		E5B38B2B2615EBCC00D4EB5D /* UnivLadder.xcdatamodel */ = {isa = PBXFileReference; lastKnownFileType = wrapper.xcdatamodel; path = UnivLadder.xcdatamodel; sourceTree = "<group>"; };
		E5B38B302615EBCC00D4EB5D /* Base */ = {isa = PBXFileReference; lastKnownFileType = file.storyboard; name = Base; path = Base.lproj/LaunchScreen.storyboard; sourceTree = "<group>"; };
		E5B38B322615EBCC00D4EB5D /* Info.plist */ = {isa = PBXFileReference; lastKnownFileType = text.plist.xml; path = Info.plist; sourceTree = "<group>"; };
		E5B38B372615EBCC00D4EB5D /* UnivLadderTests.xctest */ = {isa = PBXFileReference; explicitFileType = wrapper.cfbundle; includeInIndex = 0; path = UnivLadderTests.xctest; sourceTree = BUILT_PRODUCTS_DIR; };
		E5B38B3B2615EBCC00D4EB5D /* UnivLadderTests.swift */ = {isa = PBXFileReference; lastKnownFileType = sourcecode.swift; path = UnivLadderTests.swift; sourceTree = "<group>"; };
		E5B38B3D2615EBCC00D4EB5D /* Info.plist */ = {isa = PBXFileReference; lastKnownFileType = text.plist.xml; path = Info.plist; sourceTree = "<group>"; };
		E5B38B422615EBCC00D4EB5D /* UnivLadderUITests.xctest */ = {isa = PBXFileReference; explicitFileType = wrapper.cfbundle; includeInIndex = 0; path = UnivLadderUITests.xctest; sourceTree = BUILT_PRODUCTS_DIR; };
		E5B38B462615EBCD00D4EB5D /* UnivLadderUITests.swift */ = {isa = PBXFileReference; lastKnownFileType = sourcecode.swift; path = UnivLadderUITests.swift; sourceTree = "<group>"; };
		E5B38B482615EBCD00D4EB5D /* Info.plist */ = {isa = PBXFileReference; lastKnownFileType = text.plist.xml; path = Info.plist; sourceTree = "<group>"; };
		E5B6CEC9269A87AF005D0501 /* UIColor+Extension.swift */ = {isa = PBXFileReference; lastKnownFileType = sourcecode.swift; path = "UIColor+Extension.swift"; sourceTree = "<group>"; };
		E5B6CECB269A8808005D0501 /* UINavigationBar+Extension.swift */ = {isa = PBXFileReference; lastKnownFileType = sourcecode.swift; path = "UINavigationBar+Extension.swift"; sourceTree = "<group>"; };
		E5F3F95226470FFC00763ADB /* Base */ = {isa = PBXFileReference; lastKnownFileType = file.storyboard; name = Base; path = UnivLadder/Storyboards/Base.lproj/MentoList.storyboard; sourceTree = "<group>"; };
		E5F3F9712647108100763ADB /* MainTabBarViewController.swift */ = {isa = PBXFileReference; lastKnownFileType = sourcecode.swift; path = MainTabBarViewController.swift; sourceTree = "<group>"; };
		E5F3F979264710EE00763ADB /* ChatListViewController.swift */ = {isa = PBXFileReference; lastKnownFileType = sourcecode.swift; path = ChatListViewController.swift; sourceTree = "<group>"; };
		E5FA9B9727DDE4CC009C9C9E /* MainView.swift */ = {isa = PBXFileReference; lastKnownFileType = sourcecode.swift; path = MainView.swift; sourceTree = "<group>"; };
		E5FA9B9927DDE55C009C9C9E /* ViewRepresentable.swift */ = {isa = PBXFileReference; lastKnownFileType = sourcecode.swift; path = ViewRepresentable.swift; sourceTree = "<group>"; };
		E5FA9B9D27DDEA5B009C9C9E /* Colors.xcassets */ = {isa = PBXFileReference; lastKnownFileType = folder.assetcatalog; path = Colors.xcassets; sourceTree = "<group>"; };
		E5FDFBE2264E775F000269F9 /* GmarketSansLight.otf */ = {isa = PBXFileReference; lastKnownFileType = file; path = GmarketSansLight.otf; sourceTree = "<group>"; };
		E5FDFBE3264E775F000269F9 /* GmarketSansMedium.otf */ = {isa = PBXFileReference; lastKnownFileType = file; path = GmarketSansMedium.otf; sourceTree = "<group>"; };
		E5FDFBE4264E775F000269F9 /* esamanru OTF Light.otf */ = {isa = PBXFileReference; lastKnownFileType = file; path = "esamanru OTF Light.otf"; sourceTree = "<group>"; };
		E5FDFBE5264E775F000269F9 /* esamanru OTF Bold.otf */ = {isa = PBXFileReference; lastKnownFileType = file; path = "esamanru OTF Bold.otf"; sourceTree = "<group>"; };
		E5FDFBE6264E775F000269F9 /* esamanru OTF Medium.otf */ = {isa = PBXFileReference; lastKnownFileType = file; path = "esamanru OTF Medium.otf"; sourceTree = "<group>"; };
		E5FDFBE7264E775F000269F9 /* GmarketSansBold.otf */ = {isa = PBXFileReference; lastKnownFileType = file; path = GmarketSansBold.otf; sourceTree = "<group>"; };
		EE9BD3C3A12BC88D02C15271 /* Pods-UnivLadderTests.release.xcconfig */ = {isa = PBXFileReference; includeInIndex = 1; lastKnownFileType = text.xcconfig; name = "Pods-UnivLadderTests.release.xcconfig"; path = "Target Support Files/Pods-UnivLadderTests/Pods-UnivLadderTests.release.xcconfig"; sourceTree = "<group>"; };
		F210F1612E605E01375ABAD6 /* Pods-UnivLadder.debug.xcconfig */ = {isa = PBXFileReference; includeInIndex = 1; lastKnownFileType = text.xcconfig; name = "Pods-UnivLadder.debug.xcconfig"; path = "Target Support Files/Pods-UnivLadder/Pods-UnivLadder.debug.xcconfig"; sourceTree = "<group>"; };
/* End PBXFileReference section */

/* Begin PBXFrameworksBuildPhase section */
		E5B38B1B2615EBCC00D4EB5D /* Frameworks */ = {
			isa = PBXFrameworksBuildPhase;
			buildActionMask = 2147483647;
			files = (
				AF54187CD725C296D73ECC3A /* Pods_UnivLadder.framework in Frameworks */,
			);
			runOnlyForDeploymentPostprocessing = 0;
		};
		E5B38B342615EBCC00D4EB5D /* Frameworks */ = {
			isa = PBXFrameworksBuildPhase;
			buildActionMask = 2147483647;
			files = (
				301DC0B77D813E609EAF98D1 /* Pods_UnivLadderTests.framework in Frameworks */,
			);
			runOnlyForDeploymentPostprocessing = 0;
		};
		E5B38B3F2615EBCC00D4EB5D /* Frameworks */ = {
			isa = PBXFrameworksBuildPhase;
			buildActionMask = 2147483647;
			files = (
				4B8A6217F7FC077C8E568A5C /* Pods_UnivLadder_UnivLadderUITests.framework in Frameworks */,
			);
			runOnlyForDeploymentPostprocessing = 0;
		};
/* End PBXFrameworksBuildPhase section */

/* Begin PBXGroup section */
		16427161264D83DA003A953C /* Fonts */ = {
			isa = PBXGroup;
			children = (
				E58A9C1D27DDF68A00A4ACBB /* Fonts+Generated.swift */,
				E58A9C1B27DDF02B00A4ACBB /* Colors+Generated.swift */,
				E5FDFBE5264E775F000269F9 /* esamanru OTF Bold.otf */,
				E5FDFBE4264E775F000269F9 /* esamanru OTF Light.otf */,
				E5FDFBE6264E775F000269F9 /* esamanru OTF Medium.otf */,
				E5FDFBE7264E775F000269F9 /* GmarketSansBold.otf */,
				E5FDFBE2264E775F000269F9 /* GmarketSansLight.otf */,
				E5FDFBE3264E775F000269F9 /* GmarketSansMedium.otf */,
			);
			path = Fonts;
			sourceTree = "<group>";
		};
		6836D2D6281546E400048E21 /* DB */ = {
			isa = PBXGroup;
			children = (
				68F6ED0F28FC0E5A003C93D3 /* UserModel.xcdatamodeld */,
				68F6ED1928FC0F58003C93D3 /* UserEntity+CoreDataClass.swift */,
				68F6ED1B28FC0F58003C93D3 /* UserEntity+CoreDataProperties.swift */,
				68F6ED1828FC0F58003C93D3 /* SubjectEntity+CoreDataClass.swift */,
				68F6ED1A28FC0F58003C93D3 /* SubjectEntity+CoreDataProperties.swift */,
				6836D2EA28154B9300048E21 /* CoreDataManager.swift */,
			);
			path = DB;
			sourceTree = "<group>";
		};
		68442AE827730E21009DF75A /* Accounts */ = {
			isa = PBXGroup;
			children = (
				68442AE927730E21009DF75A /* AccountsMainViewController.swift */,
				68442AEA27730E21009DF75A /* AccountsRegisterViewController.swift */,
			);
			path = Accounts;
			sourceTree = "<group>";
		};
		68442AED27730E2F009DF75A /* Models */ = {
			isa = PBXGroup;
			children = (
				683461112A2C6A0900A31EDB /* RecommendMentor.swift */,
				68F3AE68280C249200CF53DC /* Subject */,
				E546934527F9C73A007A1791 /* Chat */,
				68442AEE27730E2F009DF75A /* UserModel.swift */,
				68D4385127942FA80082BE11 /* Config.swift */,
				68B27C89279D610C0064D1DD /* LoginDataModel.swift */,
				689C759C27AFD80E00C04978 /* DummyData.swift */,
				6880A66128719F7F00DB6D20 /* User.swift */,
			);
			path = Models;
			sourceTree = "<group>";
		};
		6864B286278AFE0600CE80FE /* Services */ = {
			isa = PBXGroup;
			children = (
				6864B287278AFE3C00CE80FE /* APIService.swift */,
				E546934127F9C12B007A1791 /* APIService+Ex.swift */,
				E546934327F9C31A007A1791 /* SocketManager.swift */,
				E567E33D2802E09900F83683 /* Endpoint.swift */,
				6819DD9D2802D9B400C7FF54 /* UserDefaultManager.swift */,
				6815DB36297A735D00E6B356 /* KeyChain.swift */,
			);
			path = Services;
			sourceTree = "<group>";
		};
		688518FE2A2DCB4B00878D8A /* SubjectList */ = {
			isa = PBXGroup;
			children = (
				688518FA2A2DC66F00878D8A /* SubjectInCategoryCollectionViewCell.swift */,
				683D5212296AACC800F8EB88 /* CategoryMentoListViewController.swift */,
			);
			path = SubjectList;
			sourceTree = "<group>";
		};
		688518FF2A2DCB5C00878D8A /* MentoList */ = {
			isa = PBXGroup;
			children = (
				688518FC2A2DCB3C00878D8A /* MentoTableViewCell.swift */,
				683D5214296AACDE00F8EB88 /* MentoInfoViewController.swift */,
				689478412A35B49700243D47 /* MentoSubjectCollectionViewCell.swift */,
			);
			path = MentoList;
			sourceTree = "<group>";
		};
		688519002A2DCB7800878D8A /* Main */ = {
			isa = PBXGroup;
			children = (
				E5FA9B9727DDE4CC009C9C9E /* MainView.swift */,
				68D794F0293378F800C905D5 /* CategoryListViewController.swift */,
				E58D4B62275DF3F1009CF08D /* MentoListViewController.swift */,
			);
			path = Main;
			sourceTree = "<group>";
		};
		688A8B502A2A327F00D0B811 /* MyPageTableMenu */ = {
			isa = PBXGroup;
			children = (
				E587B0702712F54D00FAD77D /* MyPageViewController.swift */,
				E587B0722712F66100FAD77D /* MyPageCell.swift */,
				689358032998F26C00022EFB /* AppInfoTableViewCell.swift */,
				689357FA2998E2A500022EFB /* Notice */,
				68FA133C298FCB8000F950A6 /* AppInfoViewController.swift */,
			);
			path = MyPageTableMenu;
			sourceTree = "<group>";
		};
		688A8B512A2A32B400D0B811 /* MyPageModify */ = {
			isa = PBXGroup;
			children = (
				68288C9828F2CCAD00E2B70D /* AccountModifyViewController.swift */,
			);
			path = MyPageModify;
			sourceTree = "<group>";
		};
		689357FA2998E2A500022EFB /* Notice */ = {
			isa = PBXGroup;
			children = (
				689357FB2998E2DD00022EFB /* NoticeViewController.swift */,
				689357FD2998E32000022EFB /* NoticeTableViewCell.swift */,
				689357FF2998E68100022EFB /* NoticeContentTableViewCell.swift */,
				689358012998E90800022EFB /* Notice.swift */,
			);
			path = Notice;
			sourceTree = "<group>";
		};
		68C42AF727D4CEF600CE9E38 /* Accounts */ = {
			isa = PBXGroup;
			children = (
				68C42AF827D4CEF600CE9E38 /* SubjectCollectionViewCell.swift */,
				68D92B9627DDF55600866E0D /* AccountModifyTableViewCell.swift */,
			);
			path = Accounts;
			sourceTree = "<group>";
		};
		68CE952329693B6900482764 /* Main */ = {
			isa = PBXGroup;
			children = (
				688519002A2DCB7800878D8A /* Main */,
				688518FF2A2DCB5C00878D8A /* MentoList */,
				688518FE2A2DCB4B00878D8A /* SubjectList */,
			);
			path = Main;
			sourceTree = "<group>";
		};
		68D794E12933670A00C905D5 /* Resources */ = {
			isa = PBXGroup;
			children = (
				16427161264D83DA003A953C /* Fonts */,
				68D794E22933672200C905D5 /* Img */,
			);
			path = Resources;
			sourceTree = "<group>";
		};
		68D794E22933672200C905D5 /* Img */ = {
			isa = PBXGroup;
			children = (
				68F6F5C628D726EA0092B477 /* Assets.xcassets */,
				E58A9C1F27DE0A6700A4ACBB /* Images.xcassets */,
				E5FA9B9D27DDEA5B009C9C9E /* Colors.xcassets */,
				68D794E32933672700C905D5 /* LaunchScreen */,
			);
			path = Img;
			sourceTree = "<group>";
		};
		68D794E32933672700C905D5 /* LaunchScreen */ = {
			isa = PBXGroup;
			children = (
				68D794EE293368EA00C905D5 /* launchBottom.png */,
				68D794EA293368C200C905D5 /* launchMsg.png */,
				68D794EB293368C200C905D5 /* logo.png */,
			);
			path = LaunchScreen;
			sourceTree = "<group>";
		};
		68D92B9A27DE0E7E00866E0D /* MyPage */ = {
			isa = PBXGroup;
			children = (
				68D92B9B27DE0EB800866E0D /* SubjectCategoryCollectionViewCell.swift */,
				680452ED27F07F1E00F24A25 /* PageCollectionViewCell.swift */,
			);
			path = MyPage;
			sourceTree = "<group>";
		};
		68F3AE68280C249200CF53DC /* Subject */ = {
			isa = PBXGroup;
			children = (
				68F3AE69280C24AC00CF53DC /* SubjectModel.swift */,
				68E53B492A1A0B1200DD6F26 /* Category.swift */,
			);
			path = Subject;
			sourceTree = "<group>";
		};
		6C6576DBF1AEC189ACCCF05A /* Pods */ = {
			isa = PBXGroup;
			children = (
				F210F1612E605E01375ABAD6 /* Pods-UnivLadder.debug.xcconfig */,
				9B84878A71CDD8EF1B04D5B7 /* Pods-UnivLadder.release.xcconfig */,
				E0F1C83937D5AB2F8D6ED521 /* Pods-UnivLadder-UnivLadderUITests.debug.xcconfig */,
				419AB5D84CFD7F00C3CF602A /* Pods-UnivLadder-UnivLadderUITests.release.xcconfig */,
				41D277C4299A8DFAC0969758 /* Pods-UnivLadderTests.debug.xcconfig */,
				EE9BD3C3A12BC88D02C15271 /* Pods-UnivLadderTests.release.xcconfig */,
			);
			path = Pods;
			sourceTree = "<group>";
		};
		B526C9B57E71D5C994BFE23B /* Frameworks */ = {
			isa = PBXGroup;
			children = (
				5DA1B81DB2AEF4DFE2B2714A /* Pods_UnivLadder.framework */,
				CF7FBFF01A314D0CBD4ACC8C /* Pods_UnivLadder_UnivLadderUITests.framework */,
				4E6864AAC8D2CD53104ECBF2 /* Pods_UnivLadderTests.framework */,
			);
			name = Frameworks;
			sourceTree = "<group>";
		};
		E546933F27F9BDAF007A1791 /* ViewModel */ = {
			isa = PBXGroup;
			children = (
				E5AF9A37280C2A1B00601AE2 /* ChatListViewModel.swift */,
			);
			path = ViewModel;
			sourceTree = "<group>";
		};
		E546934027F9BE42007A1791 /* View */ = {
			isa = PBXGroup;
			children = (
				6892DB17296ADABE002DB446 /* ChattingViewController.swift */,
				E5F3F979264710EE00763ADB /* ChatListViewController.swift */,
				E56ABEE72647C8A100A45786 /* ChatRoomViewController.swift */,
			);
			path = View;
			sourceTree = "<group>";
		};
		E546934527F9C73A007A1791 /* Chat */ = {
			isa = PBXGroup;
			children = (
				E546934627F9C749007A1791 /* ChatModel.swift */,
			);
			path = Chat;
			sourceTree = "<group>";
		};
		E57A31BA27B902DA00276D7F /* Utils */ = {
			isa = PBXGroup;
			children = (
				E5F3F91B264709A600763ADB /* Managers */,
				E5F3F91D264709B300763ADB /* Extensions */,
				E57A31BB27B902E200276D7F /* Protocol */,
			);
			path = Utils;
			sourceTree = "<group>";
		};
		E57A31BB27B902E200276D7F /* Protocol */ = {
			isa = PBXGroup;
			children = (
				E57A31BC27B902F000276D7F /* StoryboardInitializable.swift */,
				E5FA9B9927DDE55C009C9C9E /* ViewRepresentable.swift */,
			);
			path = Protocol;
			sourceTree = "<group>";
		};
		E587B06F2712F53B00FAD77D /* MyPage */ = {
			isa = PBXGroup;
			children = (
				688A8B512A2A32B400D0B811 /* MyPageModify */,
				688A8B502A2A327F00D0B811 /* MyPageTableMenu */,
				68C42AF127D4C4C300CE9E38 /* MentoRegisterViewController.swift */,
				68C42AF327D4C50400CE9E38 /* ProfileModifyViewController.swift */,
				68D92B9827DDF9F900866E0D /* SubjectModifyViewController.swift */,
				689358052998F8F500022EFB /* ReusableViewController.swift */,
			);
			path = MyPage;
			sourceTree = "<group>";
		};
		E58D4B61275DF3D2009CF08D /* MentoList */ = {
			isa = PBXGroup;
			children = (
				68F26FAB293C99390059D700 /* MentoSubjectTableViewCell.swift */,
				68F26FAC293C99390059D700 /* MentoSubjectTableViewCell.xib */,
				68F26FAF293CA2930059D700 /* MetnoSubjectCollectionViewCell.swift */,
				68F26FB0293CA2930059D700 /* MetnoSubjectCollectionViewCell.xib */,
				68D41CD328A9082B0098B29D /* MentoListView.swift */,
				6879ACB828BB73A300E758A4 /* MentoListCell.swift */,
				688E6C8F2A2392E500E21E81 /* CategoryCell.swift */,
			);
			path = MentoList;
			sourceTree = "<group>";
		};
		E5AF9A40280C2CFB00601AE2 /* Common */ = {
			isa = PBXGroup;
			children = (
				E5AF9A41280C2D1000601AE2 /* ViewModelType.swift */,
			);
			path = Common;
			sourceTree = "<group>";
		};
		E5B38B152615EBCC00D4EB5D = {
			isa = PBXGroup;
			children = (
				E5B38B202615EBCC00D4EB5D /* UnivLadder */,
				E5B38B3A2615EBCC00D4EB5D /* UnivLadderTests */,
				E5B38B452615EBCC00D4EB5D /* UnivLadderUITests */,
				E5B38B1F2615EBCC00D4EB5D /* Products */,
				6C6576DBF1AEC189ACCCF05A /* Pods */,
				B526C9B57E71D5C994BFE23B /* Frameworks */,
			);
			sourceTree = "<group>";
		};
		E5B38B1F2615EBCC00D4EB5D /* Products */ = {
			isa = PBXGroup;
			children = (
				E5B38B1E2615EBCC00D4EB5D /* Real Tutor.app */,
				E5B38B372615EBCC00D4EB5D /* UnivLadderTests.xctest */,
				E5B38B422615EBCC00D4EB5D /* UnivLadderUITests.xctest */,
			);
			name = Products;
			sourceTree = "<group>";
		};
		E5B38B202615EBCC00D4EB5D /* UnivLadder */ = {
			isa = PBXGroup;
			children = (
				E5F3F9192647097800763ADB /* Storyboards */,
				E5F3F91A2647098200763ADB /* ViewControllers */,
				E5B6CECF269A9562005D0501 /* Cells */,
				6836D2D6281546E400048E21 /* DB */,
				68442AED27730E2F009DF75A /* Models */,
				E57A31BA27B902DA00276D7F /* Utils */,
				E5F3F9182647093B00763ADB /* SupportingFiles */,
				68F06FA927782576008A9511 /* UnivLadder.entitlements */,
			);
			path = UnivLadder;
			sourceTree = "<group>";
		};
		E5B38B3A2615EBCC00D4EB5D /* UnivLadderTests */ = {
			isa = PBXGroup;
			children = (
				E5B38B3B2615EBCC00D4EB5D /* UnivLadderTests.swift */,
				E5B38B3D2615EBCC00D4EB5D /* Info.plist */,
			);
			path = UnivLadderTests;
			sourceTree = "<group>";
		};
		E5B38B452615EBCC00D4EB5D /* UnivLadderUITests */ = {
			isa = PBXGroup;
			children = (
				E5B38B462615EBCD00D4EB5D /* UnivLadderUITests.swift */,
				E5B38B482615EBCD00D4EB5D /* Info.plist */,
			);
			path = UnivLadderUITests;
			sourceTree = "<group>";
		};
		E5B6CECF269A9562005D0501 /* Cells */ = {
			isa = PBXGroup;
			children = (
				68D92B9A27DE0E7E00866E0D /* MyPage */,
				68C42AF727D4CEF600CE9E38 /* Accounts */,
				E5B6CED0269A9568005D0501 /* Chat */,
			);
			path = Cells;
			sourceTree = "<group>";
		};
		E5B6CED0269A9568005D0501 /* Chat */ = {
			isa = PBXGroup;
			children = (
				E56ABEEC2647CC0D00A45786 /* YourChatBubbleCell.swift */,
				E56ABEE22647C4B800A45786 /* ChatRoomListCell.swift */,
				E50F466E27705F5E00BEED86 /* MyChatBubbleCell.swift */,
			);
			path = Chat;
			sourceTree = "<group>";
		};
		E5F3F9182647093B00763ADB /* SupportingFiles */ = {
			isa = PBXGroup;
			children = (
				68D794E12933670A00C905D5 /* Resources */,
				6864B286278AFE0600CE80FE /* Services */,
				6855269D27830BF40030594A /* GoogleService-Info.plist */,
				E5B38B322615EBCC00D4EB5D /* Info.plist */,
				E5043A0126A4285E004D2870 /* AppColorSet.swift */,
				E5B38B212615EBCC00D4EB5D /* AppDelegate.swift */,
				68E53B4B2A1A12AA00DD6F26 /* Const.swift */,
				E5B38B232615EBCC00D4EB5D /* SceneDelegate.swift */,
				E5B38B2A2615EBCC00D4EB5D /* UnivLadder.xcdatamodeld */,
			);
			path = SupportingFiles;
			sourceTree = "<group>";
		};
		E5F3F9192647097800763ADB /* Storyboards */ = {
			isa = PBXGroup;
			children = (
				E5B38B272615EBCC00D4EB5D /* Main.storyboard */,
				68CE951D296933E400482764 /* MyPage.storyboard */,
				E5F3F95126470FFC00763ADB /* MentoList.storyboard */,
				E5B38B2F2615EBCC00D4EB5D /* LaunchScreen.storyboard */,
				68CE951B296933DD00482764 /* Accounts.storyboard */,
				6892DB15296ADA5F002DB446 /* Chatting.storyboard */,
			);
			path = Storyboards;
			sourceTree = "<group>";
		};
		E5F3F91A2647098200763ADB /* ViewControllers */ = {
			isa = PBXGroup;
			children = (
				68CE952329693B6900482764 /* Main */,
				E5AF9A40280C2CFB00601AE2 /* Common */,
				68442AE827730E21009DF75A /* Accounts */,
				E58D4B61275DF3D2009CF08D /* MentoList */,
				E587B06F2712F53B00FAD77D /* MyPage */,
				E5F3F9702647105400763ADB /* ChatScene */,
				E5F3F9712647108100763ADB /* MainTabBarViewController.swift */,
			);
			path = ViewControllers;
			sourceTree = "<group>";
		};
		E5F3F91B264709A600763ADB /* Managers */ = {
			isa = PBXGroup;
			children = (
				E58D4B5F275DF339009CF08D /* ThemeManager.swift */,
				E5576B04275E27DC002BF041 /* ConstantManager.swift */,
				68EBBE702A288AF4005F674A /* UserDefaultsManager.swift */,
			);
			path = Managers;
			sourceTree = "<group>";
		};
		E5F3F91D264709B300763ADB /* Extensions */ = {
			isa = PBXGroup;
			children = (
				E5B6CEC9269A87AF005D0501 /* UIColor+Extension.swift */,
				E5B6CECB269A8808005D0501 /* UINavigationBar+Extension.swift */,
				E57A31B827B900DF00276D7F /* UIViewController+Extension.swift */,
				E58A9C1927DDEF1000A4ACBB /* UIButton+Extension.swift */,
			);
			path = Extensions;
			sourceTree = "<group>";
		};
		E5F3F9702647105400763ADB /* ChatScene */ = {
			isa = PBXGroup;
			children = (
				E546934027F9BE42007A1791 /* View */,
				E546933F27F9BDAF007A1791 /* ViewModel */,
			);
			path = ChatScene;
			sourceTree = "<group>";
		};
/* End PBXGroup section */

/* Begin PBXNativeTarget section */
		E5B38B1D2615EBCC00D4EB5D /* UnivLadder */ = {
			isa = PBXNativeTarget;
			buildConfigurationList = E5B38B4B2615EBCD00D4EB5D /* Build configuration list for PBXNativeTarget "UnivLadder" */;
			buildPhases = (
				873408833CFAA9189BA7E1D9 /* [CP] Check Pods Manifest.lock */,
				E5B38B1A2615EBCC00D4EB5D /* Sources */,
				E5B38B1B2615EBCC00D4EB5D /* Frameworks */,
				E5B38B1C2615EBCC00D4EB5D /* Resources */,
				AA8492927AA210413625AAF5 /* [CP] Embed Pods Frameworks */,
			);
			buildRules = (
			);
			dependencies = (
			);
			name = UnivLadder;
			productName = UnivLadder;
			productReference = E5B38B1E2615EBCC00D4EB5D /* Real Tutor.app */;
			productType = "com.apple.product-type.application";
		};
		E5B38B362615EBCC00D4EB5D /* UnivLadderTests */ = {
			isa = PBXNativeTarget;
			buildConfigurationList = E5B38B4E2615EBCD00D4EB5D /* Build configuration list for PBXNativeTarget "UnivLadderTests" */;
			buildPhases = (
				E78B519950319C70FBDFD801 /* [CP] Check Pods Manifest.lock */,
				E5B38B332615EBCC00D4EB5D /* Sources */,
				E5B38B342615EBCC00D4EB5D /* Frameworks */,
				E5B38B352615EBCC00D4EB5D /* Resources */,
			);
			buildRules = (
			);
			dependencies = (
				E5B38B392615EBCC00D4EB5D /* PBXTargetDependency */,
			);
			name = UnivLadderTests;
			productName = UnivLadderTests;
			productReference = E5B38B372615EBCC00D4EB5D /* UnivLadderTests.xctest */;
			productType = "com.apple.product-type.bundle.unit-test";
		};
		E5B38B412615EBCC00D4EB5D /* UnivLadderUITests */ = {
			isa = PBXNativeTarget;
			buildConfigurationList = E5B38B512615EBCD00D4EB5D /* Build configuration list for PBXNativeTarget "UnivLadderUITests" */;
			buildPhases = (
				CE508FEFCC75BC2CBA44C589 /* [CP] Check Pods Manifest.lock */,
				E5B38B3E2615EBCC00D4EB5D /* Sources */,
				E5B38B3F2615EBCC00D4EB5D /* Frameworks */,
				E5B38B402615EBCC00D4EB5D /* Resources */,
				787102D3A4194CAAF5CE973B /* [CP] Embed Pods Frameworks */,
			);
			buildRules = (
			);
			dependencies = (
				E5B38B442615EBCC00D4EB5D /* PBXTargetDependency */,
			);
			name = UnivLadderUITests;
			productName = UnivLadderUITests;
			productReference = E5B38B422615EBCC00D4EB5D /* UnivLadderUITests.xctest */;
			productType = "com.apple.product-type.bundle.ui-testing";
		};
/* End PBXNativeTarget section */

/* Begin PBXProject section */
		E5B38B162615EBCC00D4EB5D /* Project object */ = {
			isa = PBXProject;
			attributes = {
				LastSwiftUpdateCheck = 1240;
				LastUpgradeCheck = 1240;
				TargetAttributes = {
					E5B38B1D2615EBCC00D4EB5D = {
						CreatedOnToolsVersion = 12.4;
					};
					E5B38B362615EBCC00D4EB5D = {
						CreatedOnToolsVersion = 12.4;
						TestTargetID = E5B38B1D2615EBCC00D4EB5D;
					};
					E5B38B412615EBCC00D4EB5D = {
						CreatedOnToolsVersion = 12.4;
						TestTargetID = E5B38B1D2615EBCC00D4EB5D;
					};
				};
			};
			buildConfigurationList = E5B38B192615EBCC00D4EB5D /* Build configuration list for PBXProject "UnivLadder" */;
			compatibilityVersion = "Xcode 9.3";
			developmentRegion = en;
			hasScannedForEncodings = 0;
			knownRegions = (
				en,
				Base,
			);
			mainGroup = E5B38B152615EBCC00D4EB5D;
			packageReferences = (
				E587B0662712E93500FAD77D /* XCRemoteSwiftPackageReference "SnapKit" */,
				E587B0692712E94100FAD77D /* XCRemoteSwiftPackageReference "Then" */,
				E546933C27F9BD52007A1791 /* XCRemoteSwiftPackageReference "socket.io-client-swift" */,
				E5AF9A39280C2AA900601AE2 /* XCRemoteSwiftPackageReference "RxSwift" */,
			);
			productRefGroup = E5B38B1F2615EBCC00D4EB5D /* Products */;
			projectDirPath = "";
			projectRoot = "";
			targets = (
				E5B38B1D2615EBCC00D4EB5D /* UnivLadder */,
				E5B38B362615EBCC00D4EB5D /* UnivLadderTests */,
				E5B38B412615EBCC00D4EB5D /* UnivLadderUITests */,
			);
		};
/* End PBXProject section */

/* Begin PBXResourcesBuildPhase section */
		E5B38B1C2615EBCC00D4EB5D /* Resources */ = {
			isa = PBXResourcesBuildPhase;
			buildActionMask = 2147483647;
			files = (
				E5FA9B9E27DDEA5B009C9C9E /* Colors.xcassets in Resources */,
				E58A9C2027DE0A6700A4ACBB /* Images.xcassets in Resources */,
				E5FDFBEB264E7857000269F9 /* esamanru OTF Bold.otf in Resources */,
				E5FDFBEC264E7857000269F9 /* esamanru OTF Light.otf in Resources */,
				6892DB16296ADA5F002DB446 /* Chatting.storyboard in Resources */,
				68CE951C296933DD00482764 /* Accounts.storyboard in Resources */,
				68CE951E296933E400482764 /* MyPage.storyboard in Resources */,
				E5FDFBED264E7857000269F9 /* esamanru OTF Medium.otf in Resources */,
				E5FDFBEE264E7857000269F9 /* GmarketSansBold.otf in Resources */,
				68F26FB2293CA2930059D700 /* MetnoSubjectCollectionViewCell.xib in Resources */,
				E5FDFBEF264E7857000269F9 /* GmarketSansLight.otf in Resources */,
				E5FDFBF0264E7857000269F9 /* GmarketSansMedium.otf in Resources */,
				68F26FAE293C99390059D700 /* MentoSubjectTableViewCell.xib in Resources */,
				68D794ED293368C300C905D5 /* logo.png in Resources */,
				68D794EF293368EA00C905D5 /* launchBottom.png in Resources */,
				E5B38B312615EBCC00D4EB5D /* LaunchScreen.storyboard in Resources */,
				E5F3F95326470FFC00763ADB /* MentoList.storyboard in Resources */,
				E5B38B292615EBCC00D4EB5D /* Main.storyboard in Resources */,
				68F6F5C728D726EA0092B477 /* Assets.xcassets in Resources */,
				68D794EC293368C300C905D5 /* launchMsg.png in Resources */,
				6855269E27830BF40030594A /* GoogleService-Info.plist in Resources */,
			);
			runOnlyForDeploymentPostprocessing = 0;
		};
		E5B38B352615EBCC00D4EB5D /* Resources */ = {
			isa = PBXResourcesBuildPhase;
			buildActionMask = 2147483647;
			files = (
			);
			runOnlyForDeploymentPostprocessing = 0;
		};
		E5B38B402615EBCC00D4EB5D /* Resources */ = {
			isa = PBXResourcesBuildPhase;
			buildActionMask = 2147483647;
			files = (
			);
			runOnlyForDeploymentPostprocessing = 0;
		};
/* End PBXResourcesBuildPhase section */

/* Begin PBXShellScriptBuildPhase section */
		787102D3A4194CAAF5CE973B /* [CP] Embed Pods Frameworks */ = {
			isa = PBXShellScriptBuildPhase;
			buildActionMask = 2147483647;
			files = (
			);
			inputFileListPaths = (
				"${PODS_ROOT}/Target Support Files/Pods-UnivLadder-UnivLadderUITests/Pods-UnivLadder-UnivLadderUITests-frameworks-${CONFIGURATION}-input-files.xcfilelist",
			);
			name = "[CP] Embed Pods Frameworks";
			outputFileListPaths = (
				"${PODS_ROOT}/Target Support Files/Pods-UnivLadder-UnivLadderUITests/Pods-UnivLadder-UnivLadderUITests-frameworks-${CONFIGURATION}-output-files.xcfilelist",
			);
			runOnlyForDeploymentPostprocessing = 0;
			shellPath = /bin/sh;
			shellScript = "\"${PODS_ROOT}/Target Support Files/Pods-UnivLadder-UnivLadderUITests/Pods-UnivLadder-UnivLadderUITests-frameworks.sh\"\n";
			showEnvVarsInLog = 0;
		};
		873408833CFAA9189BA7E1D9 /* [CP] Check Pods Manifest.lock */ = {
			isa = PBXShellScriptBuildPhase;
			buildActionMask = 2147483647;
			files = (
			);
			inputFileListPaths = (
			);
			inputPaths = (
				"${PODS_PODFILE_DIR_PATH}/Podfile.lock",
				"${PODS_ROOT}/Manifest.lock",
			);
			name = "[CP] Check Pods Manifest.lock";
			outputFileListPaths = (
			);
			outputPaths = (
				"$(DERIVED_FILE_DIR)/Pods-UnivLadder-checkManifestLockResult.txt",
			);
			runOnlyForDeploymentPostprocessing = 0;
			shellPath = /bin/sh;
			shellScript = "diff \"${PODS_PODFILE_DIR_PATH}/Podfile.lock\" \"${PODS_ROOT}/Manifest.lock\" > /dev/null\nif [ $? != 0 ] ; then\n    # print error to STDERR\n    echo \"error: The sandbox is not in sync with the Podfile.lock. Run 'pod install' or update your CocoaPods installation.\" >&2\n    exit 1\nfi\n# This output is used by Xcode 'outputs' to avoid re-running this script phase.\necho \"SUCCESS\" > \"${SCRIPT_OUTPUT_FILE_0}\"\n";
			showEnvVarsInLog = 0;
		};
		AA8492927AA210413625AAF5 /* [CP] Embed Pods Frameworks */ = {
			isa = PBXShellScriptBuildPhase;
			buildActionMask = 2147483647;
			files = (
			);
			inputFileListPaths = (
				"${PODS_ROOT}/Target Support Files/Pods-UnivLadder/Pods-UnivLadder-frameworks-${CONFIGURATION}-input-files.xcfilelist",
			);
			name = "[CP] Embed Pods Frameworks";
			outputFileListPaths = (
				"${PODS_ROOT}/Target Support Files/Pods-UnivLadder/Pods-UnivLadder-frameworks-${CONFIGURATION}-output-files.xcfilelist",
			);
			runOnlyForDeploymentPostprocessing = 0;
			shellPath = /bin/sh;
			shellScript = "\"${PODS_ROOT}/Target Support Files/Pods-UnivLadder/Pods-UnivLadder-frameworks.sh\"\n";
			showEnvVarsInLog = 0;
		};
		CE508FEFCC75BC2CBA44C589 /* [CP] Check Pods Manifest.lock */ = {
			isa = PBXShellScriptBuildPhase;
			buildActionMask = 2147483647;
			files = (
			);
			inputFileListPaths = (
			);
			inputPaths = (
				"${PODS_PODFILE_DIR_PATH}/Podfile.lock",
				"${PODS_ROOT}/Manifest.lock",
			);
			name = "[CP] Check Pods Manifest.lock";
			outputFileListPaths = (
			);
			outputPaths = (
				"$(DERIVED_FILE_DIR)/Pods-UnivLadder-UnivLadderUITests-checkManifestLockResult.txt",
			);
			runOnlyForDeploymentPostprocessing = 0;
			shellPath = /bin/sh;
			shellScript = "diff \"${PODS_PODFILE_DIR_PATH}/Podfile.lock\" \"${PODS_ROOT}/Manifest.lock\" > /dev/null\nif [ $? != 0 ] ; then\n    # print error to STDERR\n    echo \"error: The sandbox is not in sync with the Podfile.lock. Run 'pod install' or update your CocoaPods installation.\" >&2\n    exit 1\nfi\n# This output is used by Xcode 'outputs' to avoid re-running this script phase.\necho \"SUCCESS\" > \"${SCRIPT_OUTPUT_FILE_0}\"\n";
			showEnvVarsInLog = 0;
		};
		E78B519950319C70FBDFD801 /* [CP] Check Pods Manifest.lock */ = {
			isa = PBXShellScriptBuildPhase;
			buildActionMask = 2147483647;
			files = (
			);
			inputFileListPaths = (
			);
			inputPaths = (
				"${PODS_PODFILE_DIR_PATH}/Podfile.lock",
				"${PODS_ROOT}/Manifest.lock",
			);
			name = "[CP] Check Pods Manifest.lock";
			outputFileListPaths = (
			);
			outputPaths = (
				"$(DERIVED_FILE_DIR)/Pods-UnivLadderTests-checkManifestLockResult.txt",
			);
			runOnlyForDeploymentPostprocessing = 0;
			shellPath = /bin/sh;
			shellScript = "diff \"${PODS_PODFILE_DIR_PATH}/Podfile.lock\" \"${PODS_ROOT}/Manifest.lock\" > /dev/null\nif [ $? != 0 ] ; then\n    # print error to STDERR\n    echo \"error: The sandbox is not in sync with the Podfile.lock. Run 'pod install' or update your CocoaPods installation.\" >&2\n    exit 1\nfi\n# This output is used by Xcode 'outputs' to avoid re-running this script phase.\necho \"SUCCESS\" > \"${SCRIPT_OUTPUT_FILE_0}\"\n";
			showEnvVarsInLog = 0;
		};
/* End PBXShellScriptBuildPhase section */

/* Begin PBXSourcesBuildPhase section */
		E5B38B1A2615EBCC00D4EB5D /* Sources */ = {
			isa = PBXSourcesBuildPhase;
			buildActionMask = 2147483647;
			files = (
				E5AF9A42280C2D1000601AE2 /* ViewModelType.swift in Sources */,
				68F6ED1F28FC0F58003C93D3 /* UserEntity+CoreDataProperties.swift in Sources */,
				68F6ED1E28FC0F58003C93D3 /* SubjectEntity+CoreDataProperties.swift in Sources */,
				689C759D27AFD80E00C04978 /* DummyData.swift in Sources */,
				E56ABEE82647C8A100A45786 /* ChatRoomViewController.swift in Sources */,
				6864B288278AFE3C00CE80FE /* APIService.swift in Sources */,
				689358022998E90800022EFB /* Notice.swift in Sources */,
				E56ABEE32647C4B800A45786 /* ChatRoomListCell.swift in Sources */,
				E546934727F9C749007A1791 /* ChatModel.swift in Sources */,
				E57A31BD27B902F000276D7F /* StoryboardInitializable.swift in Sources */,
				6819DD9E2802D9B400C7FF54 /* UserDefaultManager.swift in Sources */,
				68EBBE712A288AF4005F674A /* UserDefaultsManager.swift in Sources */,
				68442AEC27730E21009DF75A /* AccountsRegisterViewController.swift in Sources */,
				E5F3F9722647108100763ADB /* MainTabBarViewController.swift in Sources */,
				689357FE2998E32000022EFB /* NoticeTableViewCell.swift in Sources */,
				E56ABEED2647CC0D00A45786 /* YourChatBubbleCell.swift in Sources */,
				E5B6CECA269A87AF005D0501 /* UIColor+Extension.swift in Sources */,
				6892DB18296ADABE002DB446 /* ChattingViewController.swift in Sources */,
				689358062998F8F500022EFB /* ReusableViewController.swift in Sources */,
				68F6ED1C28FC0F58003C93D3 /* UserEntity+CoreDataClass.swift in Sources */,
				689357FC2998E2DD00022EFB /* NoticeViewController.swift in Sources */,
				68B27C8A279D610C0064D1DD /* LoginDataModel.swift in Sources */,
				E5576B05275E27DC002BF041 /* ConstantManager.swift in Sources */,
				68E53B4A2A1A0B1200DD6F26 /* Category.swift in Sources */,
				E5043A0226A4285E004D2870 /* AppColorSet.swift in Sources */,
				68F6ED1D28FC0F58003C93D3 /* SubjectEntity+CoreDataClass.swift in Sources */,
				68C42AF227D4C4C300CE9E38 /* MentoRegisterViewController.swift in Sources */,
				6836D2EB28154B9300048E21 /* CoreDataManager.swift in Sources */,
				683461122A2C6A0900A31EDB /* RecommendMentor.swift in Sources */,
				6879ACB928BB73A300E758A4 /* MentoListCell.swift in Sources */,
				68D92B9C27DE0EB800866E0D /* SubjectCategoryCollectionViewCell.swift in Sources */,
				E5B38B2C2615EBCC00D4EB5D /* UnivLadder.xcdatamodeld in Sources */,
				68D92B9927DDF9F900866E0D /* SubjectModifyViewController.swift in Sources */,
				68288C9928F2CCAD00E2B70D /* AccountModifyViewController.swift in Sources */,
				68D41CD428A9082B0098B29D /* MentoListView.swift in Sources */,
				6880A66228719F7F00DB6D20 /* User.swift in Sources */,
				683D5213296AACC800F8EB88 /* CategoryMentoListViewController.swift in Sources */,
				68F26FAD293C99390059D700 /* MentoSubjectTableViewCell.swift in Sources */,
				68D92B9727DDF55600866E0D /* AccountModifyTableViewCell.swift in Sources */,
				689478422A35B49700243D47 /* MentoSubjectCollectionViewCell.swift in Sources */,
				E50F466F27705F5E00BEED86 /* MyChatBubbleCell.swift in Sources */,
				688E6C902A2392E500E21E81 /* CategoryCell.swift in Sources */,
				E57A31B927B900DF00276D7F /* UIViewController+Extension.swift in Sources */,
				E587B0712712F54D00FAD77D /* MyPageViewController.swift in Sources */,
				E5F3F97A264710EE00763ADB /* ChatListViewController.swift in Sources */,
				E546934227F9C12B007A1791 /* APIService+Ex.swift in Sources */,
				E5B38B222615EBCC00D4EB5D /* AppDelegate.swift in Sources */,
				E587B0732712F66100FAD77D /* MyPageCell.swift in Sources */,
				E5AF9A38280C2A1B00601AE2 /* ChatListViewModel.swift in Sources */,
				68D4385227942FA80082BE11 /* Config.swift in Sources */,
				E58A9C1A27DDEF1000A4ACBB /* UIButton+Extension.swift in Sources */,
				E5B6CECC269A8808005D0501 /* UINavigationBar+Extension.swift in Sources */,
				E567E33E2802E09900F83683 /* Endpoint.swift in Sources */,
				688518FB2A2DC66F00878D8A /* SubjectInCategoryCollectionViewCell.swift in Sources */,
				E5FA9B9827DDE4CC009C9C9E /* MainView.swift in Sources */,
				68442AEB27730E21009DF75A /* AccountsMainViewController.swift in Sources */,
				68D794F1293378F800C905D5 /* CategoryListViewController.swift in Sources */,
				689358002998E68100022EFB /* NoticeContentTableViewCell.swift in Sources */,
				E5B38B242615EBCC00D4EB5D /* SceneDelegate.swift in Sources */,
				683D5215296AACDE00F8EB88 /* MentoInfoViewController.swift in Sources */,
				68C42AF427D4C50400CE9E38 /* ProfileModifyViewController.swift in Sources */,
				E58D4B60275DF339009CF08D /* ThemeManager.swift in Sources */,
				680452EE27F07F1E00F24A25 /* PageCollectionViewCell.swift in Sources */,
				68FA133D298FCB8000F950A6 /* AppInfoViewController.swift in Sources */,
				6815DB37297A735D00E6B356 /* KeyChain.swift in Sources */,
				689358042998F26C00022EFB /* AppInfoTableViewCell.swift in Sources */,
				688518FD2A2DCB3C00878D8A /* MentoTableViewCell.swift in Sources */,
				E58A9C1E27DDF68A00A4ACBB /* Fonts+Generated.swift in Sources */,
				E546934427F9C31A007A1791 /* SocketManager.swift in Sources */,
				68C42AF927D4CEF600CE9E38 /* SubjectCollectionViewCell.swift in Sources */,
				E58A9C1C27DDF02B00A4ACBB /* Colors+Generated.swift in Sources */,
				E5FA9B9A27DDE55C009C9C9E /* ViewRepresentable.swift in Sources */,
				68E53B4C2A1A12AA00DD6F26 /* Const.swift in Sources */,
				68442AEF27730E2F009DF75A /* UserModel.swift in Sources */,
				68F3AE6A280C24AC00CF53DC /* SubjectModel.swift in Sources */,
				68F26FB1293CA2930059D700 /* MetnoSubjectCollectionViewCell.swift in Sources */,
				E58D4B63275DF3F1009CF08D /* MentoListViewController.swift in Sources */,
				68F6ED1128FC0E5A003C93D3 /* UserModel.xcdatamodeld in Sources */,
			);
			runOnlyForDeploymentPostprocessing = 0;
		};
		E5B38B332615EBCC00D4EB5D /* Sources */ = {
			isa = PBXSourcesBuildPhase;
			buildActionMask = 2147483647;
			files = (
				E5B38B3C2615EBCC00D4EB5D /* UnivLadderTests.swift in Sources */,
			);
			runOnlyForDeploymentPostprocessing = 0;
		};
		E5B38B3E2615EBCC00D4EB5D /* Sources */ = {
			isa = PBXSourcesBuildPhase;
			buildActionMask = 2147483647;
			files = (
				E5B38B472615EBCD00D4EB5D /* UnivLadderUITests.swift in Sources */,
			);
			runOnlyForDeploymentPostprocessing = 0;
		};
/* End PBXSourcesBuildPhase section */

/* Begin PBXTargetDependency section */
		E5B38B392615EBCC00D4EB5D /* PBXTargetDependency */ = {
			isa = PBXTargetDependency;
			target = E5B38B1D2615EBCC00D4EB5D /* UnivLadder */;
			targetProxy = E5B38B382615EBCC00D4EB5D /* PBXContainerItemProxy */;
		};
		E5B38B442615EBCC00D4EB5D /* PBXTargetDependency */ = {
			isa = PBXTargetDependency;
			target = E5B38B1D2615EBCC00D4EB5D /* UnivLadder */;
			targetProxy = E5B38B432615EBCC00D4EB5D /* PBXContainerItemProxy */;
		};
/* End PBXTargetDependency section */

/* Begin PBXVariantGroup section */
		E5B38B272615EBCC00D4EB5D /* Main.storyboard */ = {
			isa = PBXVariantGroup;
			children = (
				E5B38B282615EBCC00D4EB5D /* Base */,
			);
			name = Main.storyboard;
			sourceTree = "<group>";
		};
		E5B38B2F2615EBCC00D4EB5D /* LaunchScreen.storyboard */ = {
			isa = PBXVariantGroup;
			children = (
				E5B38B302615EBCC00D4EB5D /* Base */,
			);
			name = LaunchScreen.storyboard;
			sourceTree = "<group>";
		};
		E5F3F95126470FFC00763ADB /* MentoList.storyboard */ = {
			isa = PBXVariantGroup;
			children = (
				E5F3F95226470FFC00763ADB /* Base */,
			);
			name = MentoList.storyboard;
			sourceTree = "<group>";
		};
/* End PBXVariantGroup section */

/* Begin XCBuildConfiguration section */
		E5B38B492615EBCD00D4EB5D /* Debug */ = {
			isa = XCBuildConfiguration;
			buildSettings = {
				ALWAYS_SEARCH_USER_PATHS = NO;
				CLANG_ANALYZER_NONNULL = YES;
				CLANG_ANALYZER_NUMBER_OBJECT_CONVERSION = YES_AGGRESSIVE;
				CLANG_CXX_LANGUAGE_STANDARD = "gnu++14";
				CLANG_CXX_LIBRARY = "libc++";
				CLANG_ENABLE_MODULES = YES;
				CLANG_ENABLE_OBJC_ARC = YES;
				CLANG_ENABLE_OBJC_WEAK = YES;
				CLANG_WARN_BLOCK_CAPTURE_AUTORELEASING = YES;
				CLANG_WARN_BOOL_CONVERSION = YES;
				CLANG_WARN_COMMA = YES;
				CLANG_WARN_CONSTANT_CONVERSION = YES;
				CLANG_WARN_DEPRECATED_OBJC_IMPLEMENTATIONS = YES;
				CLANG_WARN_DIRECT_OBJC_ISA_USAGE = YES_ERROR;
				CLANG_WARN_DOCUMENTATION_COMMENTS = YES;
				CLANG_WARN_EMPTY_BODY = YES;
				CLANG_WARN_ENUM_CONVERSION = YES;
				CLANG_WARN_INFINITE_RECURSION = YES;
				CLANG_WARN_INT_CONVERSION = YES;
				CLANG_WARN_NON_LITERAL_NULL_CONVERSION = YES;
				CLANG_WARN_OBJC_IMPLICIT_RETAIN_SELF = YES;
				CLANG_WARN_OBJC_LITERAL_CONVERSION = YES;
				CLANG_WARN_OBJC_ROOT_CLASS = YES_ERROR;
				CLANG_WARN_QUOTED_INCLUDE_IN_FRAMEWORK_HEADER = YES;
				CLANG_WARN_RANGE_LOOP_ANALYSIS = YES;
				CLANG_WARN_STRICT_PROTOTYPES = YES;
				CLANG_WARN_SUSPICIOUS_MOVE = YES;
				CLANG_WARN_UNGUARDED_AVAILABILITY = YES_AGGRESSIVE;
				CLANG_WARN_UNREACHABLE_CODE = YES;
				CLANG_WARN__DUPLICATE_METHOD_MATCH = YES;
				COPY_PHASE_STRIP = NO;
				DEBUG_INFORMATION_FORMAT = dwarf;
				ENABLE_STRICT_OBJC_MSGSEND = YES;
				ENABLE_TESTABILITY = YES;
				GCC_C_LANGUAGE_STANDARD = gnu11;
				GCC_DYNAMIC_NO_PIC = NO;
				GCC_NO_COMMON_BLOCKS = YES;
				GCC_OPTIMIZATION_LEVEL = 0;
				GCC_PREPROCESSOR_DEFINITIONS = (
					"DEBUG=1",
					"$(inherited)",
				);
				GCC_WARN_64_TO_32_BIT_CONVERSION = YES;
				GCC_WARN_ABOUT_RETURN_TYPE = YES_ERROR;
				GCC_WARN_UNDECLARED_SELECTOR = YES;
				GCC_WARN_UNINITIALIZED_AUTOS = YES_AGGRESSIVE;
				GCC_WARN_UNUSED_FUNCTION = YES;
				GCC_WARN_UNUSED_VARIABLE = YES;
				INFOPLIST_KEY_CFBundleDisplayName = "Real Tutor";
				IPHONEOS_DEPLOYMENT_TARGET = 14.4;
				MTL_ENABLE_DEBUG_INFO = INCLUDE_SOURCE;
				MTL_FAST_MATH = YES;
				ONLY_ACTIVE_ARCH = YES;
				SDKROOT = iphoneos;
				SWIFT_ACTIVE_COMPILATION_CONDITIONS = DEBUG;
				SWIFT_OPTIMIZATION_LEVEL = "-Onone";
			};
			name = Debug;
		};
		E5B38B4A2615EBCD00D4EB5D /* Release */ = {
			isa = XCBuildConfiguration;
			buildSettings = {
				ALWAYS_SEARCH_USER_PATHS = NO;
				CLANG_ANALYZER_NONNULL = YES;
				CLANG_ANALYZER_NUMBER_OBJECT_CONVERSION = YES_AGGRESSIVE;
				CLANG_CXX_LANGUAGE_STANDARD = "gnu++14";
				CLANG_CXX_LIBRARY = "libc++";
				CLANG_ENABLE_MODULES = YES;
				CLANG_ENABLE_OBJC_ARC = YES;
				CLANG_ENABLE_OBJC_WEAK = YES;
				CLANG_WARN_BLOCK_CAPTURE_AUTORELEASING = YES;
				CLANG_WARN_BOOL_CONVERSION = YES;
				CLANG_WARN_COMMA = YES;
				CLANG_WARN_CONSTANT_CONVERSION = YES;
				CLANG_WARN_DEPRECATED_OBJC_IMPLEMENTATIONS = YES;
				CLANG_WARN_DIRECT_OBJC_ISA_USAGE = YES_ERROR;
				CLANG_WARN_DOCUMENTATION_COMMENTS = YES;
				CLANG_WARN_EMPTY_BODY = YES;
				CLANG_WARN_ENUM_CONVERSION = YES;
				CLANG_WARN_INFINITE_RECURSION = YES;
				CLANG_WARN_INT_CONVERSION = YES;
				CLANG_WARN_NON_LITERAL_NULL_CONVERSION = YES;
				CLANG_WARN_OBJC_IMPLICIT_RETAIN_SELF = YES;
				CLANG_WARN_OBJC_LITERAL_CONVERSION = YES;
				CLANG_WARN_OBJC_ROOT_CLASS = YES_ERROR;
				CLANG_WARN_QUOTED_INCLUDE_IN_FRAMEWORK_HEADER = YES;
				CLANG_WARN_RANGE_LOOP_ANALYSIS = YES;
				CLANG_WARN_STRICT_PROTOTYPES = YES;
				CLANG_WARN_SUSPICIOUS_MOVE = YES;
				CLANG_WARN_UNGUARDED_AVAILABILITY = YES_AGGRESSIVE;
				CLANG_WARN_UNREACHABLE_CODE = YES;
				CLANG_WARN__DUPLICATE_METHOD_MATCH = YES;
				COPY_PHASE_STRIP = NO;
				DEBUG_INFORMATION_FORMAT = "dwarf-with-dsym";
				ENABLE_NS_ASSERTIONS = NO;
				ENABLE_STRICT_OBJC_MSGSEND = YES;
				GCC_C_LANGUAGE_STANDARD = gnu11;
				GCC_NO_COMMON_BLOCKS = YES;
				GCC_WARN_64_TO_32_BIT_CONVERSION = YES;
				GCC_WARN_ABOUT_RETURN_TYPE = YES_ERROR;
				GCC_WARN_UNDECLARED_SELECTOR = YES;
				GCC_WARN_UNINITIALIZED_AUTOS = YES_AGGRESSIVE;
				GCC_WARN_UNUSED_FUNCTION = YES;
				GCC_WARN_UNUSED_VARIABLE = YES;
				INFOPLIST_KEY_CFBundleDisplayName = "Real Tutor";
				IPHONEOS_DEPLOYMENT_TARGET = 14.4;
				MTL_ENABLE_DEBUG_INFO = NO;
				MTL_FAST_MATH = YES;
				SDKROOT = iphoneos;
				SWIFT_COMPILATION_MODE = wholemodule;
				SWIFT_OPTIMIZATION_LEVEL = "-O";
				VALIDATE_PRODUCT = YES;
			};
			name = Release;
		};
		E5B38B4C2615EBCD00D4EB5D /* Debug */ = {
			isa = XCBuildConfiguration;
			baseConfigurationReference = F210F1612E605E01375ABAD6 /* Pods-UnivLadder.debug.xcconfig */;
			buildSettings = {
				ASSETCATALOG_COMPILER_APPICON_NAME = AppIcon;
				ASSETCATALOG_COMPILER_GLOBAL_ACCENT_COLOR_NAME = AccentColor;
				ASSETCATALOG_COMPILER_INCLUDE_ALL_APPICON_ASSETS = YES;
				CODE_SIGN_ENTITLEMENTS = UnivLadder/UnivLadder.entitlements;
				CODE_SIGN_STYLE = Automatic;
				CURRENT_PROJECT_VERSION = 1.0.0;
				DEVELOPMENT_TEAM = W832C4SNYD;
				INFOPLIST_FILE = UnivLadder/SupportingFiles/Info.plist;
				INFOPLIST_KEY_CFBundleDisplayName = "Real Tutor";
				INFOPLIST_KEY_LSApplicationCategoryType = "public.app-category.social-networking";
				IPHONEOS_DEPLOYMENT_TARGET = 13.0;
				LD_RUNPATH_SEARCH_PATHS = (
					"$(inherited)",
					"@executable_path/Frameworks",
				);
				MARKETING_VERSION = 1.0.0;
				PRODUCT_BUNDLE_IDENTIFIER = com.univladder.UnivLadder;
				PRODUCT_NAME = "Real Tutor";
				SWIFT_VERSION = 5.0;
				TARGETED_DEVICE_FAMILY = "1,2";
				VALIDATE_WORKSPACE = YES;
			};
			name = Debug;
		};
		E5B38B4D2615EBCD00D4EB5D /* Release */ = {
			isa = XCBuildConfiguration;
			baseConfigurationReference = 9B84878A71CDD8EF1B04D5B7 /* Pods-UnivLadder.release.xcconfig */;
			buildSettings = {
				ASSETCATALOG_COMPILER_APPICON_NAME = AppIcon;
				ASSETCATALOG_COMPILER_GLOBAL_ACCENT_COLOR_NAME = AccentColor;
				ASSETCATALOG_COMPILER_INCLUDE_ALL_APPICON_ASSETS = YES;
				CODE_SIGN_ENTITLEMENTS = UnivLadder/UnivLadder.entitlements;
				CODE_SIGN_STYLE = Automatic;
				CURRENT_PROJECT_VERSION = 1.0.0;
				DEVELOPMENT_TEAM = W832C4SNYD;
				INFOPLIST_FILE = UnivLadder/SupportingFiles/Info.plist;
				INFOPLIST_KEY_CFBundleDisplayName = "Real Tutor";
				INFOPLIST_KEY_LSApplicationCategoryType = "public.app-category.social-networking";
				IPHONEOS_DEPLOYMENT_TARGET = 13.0;
				LD_RUNPATH_SEARCH_PATHS = (
					"$(inherited)",
					"@executable_path/Frameworks",
				);
				MARKETING_VERSION = 1.0.0;
				PRODUCT_BUNDLE_IDENTIFIER = com.univladder.UnivLadder;
				PRODUCT_NAME = "Real Tutor";
				SWIFT_VERSION = 5.0;
				TARGETED_DEVICE_FAMILY = "1,2";
				VALIDATE_WORKSPACE = YES;
			};
			name = Release;
		};
		E5B38B4F2615EBCD00D4EB5D /* Debug */ = {
			isa = XCBuildConfiguration;
			baseConfigurationReference = 41D277C4299A8DFAC0969758 /* Pods-UnivLadderTests.debug.xcconfig */;
			buildSettings = {
				ALWAYS_EMBED_SWIFT_STANDARD_LIBRARIES = YES;
				BUNDLE_LOADER = "$(TEST_HOST)";
				CODE_SIGN_STYLE = Automatic;
				INFOPLIST_FILE = UnivLadderTests/Info.plist;
				IPHONEOS_DEPLOYMENT_TARGET = 14.4;
				LD_RUNPATH_SEARCH_PATHS = (
					"$(inherited)",
					"@executable_path/Frameworks",
					"@loader_path/Frameworks",
				);
				PRODUCT_BUNDLE_IDENTIFIER = com.univladder.UnivLadderTests;
				PRODUCT_NAME = "$(TARGET_NAME)";
				SWIFT_VERSION = 5.0;
				TARGETED_DEVICE_FAMILY = "1,2";
				TEST_HOST = "$(BUILT_PRODUCTS_DIR)/UnivLadder.app/UnivLadder";
			};
			name = Debug;
		};
		E5B38B502615EBCD00D4EB5D /* Release */ = {
			isa = XCBuildConfiguration;
			baseConfigurationReference = EE9BD3C3A12BC88D02C15271 /* Pods-UnivLadderTests.release.xcconfig */;
			buildSettings = {
				ALWAYS_EMBED_SWIFT_STANDARD_LIBRARIES = YES;
				BUNDLE_LOADER = "$(TEST_HOST)";
				CODE_SIGN_STYLE = Automatic;
				INFOPLIST_FILE = UnivLadderTests/Info.plist;
				IPHONEOS_DEPLOYMENT_TARGET = 14.4;
				LD_RUNPATH_SEARCH_PATHS = (
					"$(inherited)",
					"@executable_path/Frameworks",
					"@loader_path/Frameworks",
				);
				PRODUCT_BUNDLE_IDENTIFIER = com.univladder.UnivLadderTests;
				PRODUCT_NAME = "$(TARGET_NAME)";
				SWIFT_VERSION = 5.0;
				TARGETED_DEVICE_FAMILY = "1,2";
				TEST_HOST = "$(BUILT_PRODUCTS_DIR)/UnivLadder.app/UnivLadder";
			};
			name = Release;
		};
		E5B38B522615EBCD00D4EB5D /* Debug */ = {
			isa = XCBuildConfiguration;
			baseConfigurationReference = E0F1C83937D5AB2F8D6ED521 /* Pods-UnivLadder-UnivLadderUITests.debug.xcconfig */;
			buildSettings = {
				ALWAYS_EMBED_SWIFT_STANDARD_LIBRARIES = YES;
				CODE_SIGN_STYLE = Automatic;
				INFOPLIST_FILE = UnivLadderUITests/Info.plist;
				LD_RUNPATH_SEARCH_PATHS = (
					"$(inherited)",
					"@executable_path/Frameworks",
					"@loader_path/Frameworks",
				);
				PRODUCT_BUNDLE_IDENTIFIER = com.univladder.UnivLadderUITests;
				PRODUCT_NAME = "$(TARGET_NAME)";
				SWIFT_VERSION = 5.0;
				TARGETED_DEVICE_FAMILY = "1,2";
				TEST_TARGET_NAME = UnivLadder;
			};
			name = Debug;
		};
		E5B38B532615EBCD00D4EB5D /* Release */ = {
			isa = XCBuildConfiguration;
			baseConfigurationReference = 419AB5D84CFD7F00C3CF602A /* Pods-UnivLadder-UnivLadderUITests.release.xcconfig */;
			buildSettings = {
				ALWAYS_EMBED_SWIFT_STANDARD_LIBRARIES = YES;
				CODE_SIGN_STYLE = Automatic;
				INFOPLIST_FILE = UnivLadderUITests/Info.plist;
				LD_RUNPATH_SEARCH_PATHS = (
					"$(inherited)",
					"@executable_path/Frameworks",
					"@loader_path/Frameworks",
				);
				PRODUCT_BUNDLE_IDENTIFIER = com.univladder.UnivLadderUITests;
				PRODUCT_NAME = "$(TARGET_NAME)";
				SWIFT_VERSION = 5.0;
				TARGETED_DEVICE_FAMILY = "1,2";
				TEST_TARGET_NAME = UnivLadder;
			};
			name = Release;
		};
/* End XCBuildConfiguration section */

/* Begin XCConfigurationList section */
		E5B38B192615EBCC00D4EB5D /* Build configuration list for PBXProject "UnivLadder" */ = {
			isa = XCConfigurationList;
			buildConfigurations = (
				E5B38B492615EBCD00D4EB5D /* Debug */,
				E5B38B4A2615EBCD00D4EB5D /* Release */,
			);
			defaultConfigurationIsVisible = 0;
			defaultConfigurationName = Release;
		};
		E5B38B4B2615EBCD00D4EB5D /* Build configuration list for PBXNativeTarget "UnivLadder" */ = {
			isa = XCConfigurationList;
			buildConfigurations = (
				E5B38B4C2615EBCD00D4EB5D /* Debug */,
				E5B38B4D2615EBCD00D4EB5D /* Release */,
			);
			defaultConfigurationIsVisible = 0;
			defaultConfigurationName = Release;
		};
		E5B38B4E2615EBCD00D4EB5D /* Build configuration list for PBXNativeTarget "UnivLadderTests" */ = {
			isa = XCConfigurationList;
			buildConfigurations = (
				E5B38B4F2615EBCD00D4EB5D /* Debug */,
				E5B38B502615EBCD00D4EB5D /* Release */,
			);
			defaultConfigurationIsVisible = 0;
			defaultConfigurationName = Release;
		};
		E5B38B512615EBCD00D4EB5D /* Build configuration list for PBXNativeTarget "UnivLadderUITests" */ = {
			isa = XCConfigurationList;
			buildConfigurations = (
				E5B38B522615EBCD00D4EB5D /* Debug */,
				E5B38B532615EBCD00D4EB5D /* Release */,
			);
			defaultConfigurationIsVisible = 0;
			defaultConfigurationName = Release;
		};
/* End XCConfigurationList section */

/* Begin XCRemoteSwiftPackageReference section */
		E546933C27F9BD52007A1791 /* XCRemoteSwiftPackageReference "socket.io-client-swift" */ = {
			isa = XCRemoteSwiftPackageReference;
			repositoryURL = "https://github.com/socketio/socket.io-client-swift.git";
			requirement = {
				branch = master;
				kind = branch;
			};
		};
		E587B0662712E93500FAD77D /* XCRemoteSwiftPackageReference "SnapKit" */ = {
			isa = XCRemoteSwiftPackageReference;
			repositoryURL = "https://github.com/SnapKit/SnapKit";
			requirement = {
				branch = develop;
				kind = branch;
			};
		};
		E587B0692712E94100FAD77D /* XCRemoteSwiftPackageReference "Then" */ = {
			isa = XCRemoteSwiftPackageReference;
			repositoryURL = "https://github.com/devxoul/Then";
			requirement = {
				branch = master;
				kind = branch;
			};
		};
		E5AF9A39280C2AA900601AE2 /* XCRemoteSwiftPackageReference "RxSwift" */ = {
			isa = XCRemoteSwiftPackageReference;
			repositoryURL = "https://github.com/ReactiveX/RxSwift.git";
			requirement = {
				branch = main;
				kind = branch;
			};
		};
/* End XCRemoteSwiftPackageReference section */

/* Begin XCVersionGroup section */
		68F6ED0F28FC0E5A003C93D3 /* UserModel.xcdatamodeld */ = {
			isa = XCVersionGroup;
			children = (
				68F6ED1028FC0E5A003C93D3 /* UserModel.xcdatamodel */,
			);
			currentVersion = 68F6ED1028FC0E5A003C93D3 /* UserModel.xcdatamodel */;
			path = UserModel.xcdatamodeld;
			sourceTree = "<group>";
			versionGroupType = wrapper.xcdatamodel;
		};
		E5B38B2A2615EBCC00D4EB5D /* UnivLadder.xcdatamodeld */ = {
			isa = XCVersionGroup;
			children = (
				E5B38B2B2615EBCC00D4EB5D /* UnivLadder.xcdatamodel */,
			);
			currentVersion = E5B38B2B2615EBCC00D4EB5D /* UnivLadder.xcdatamodel */;
			path = UnivLadder.xcdatamodeld;
			sourceTree = "<group>";
			versionGroupType = wrapper.xcdatamodel;
		};
/* End XCVersionGroup section */
	};
	rootObject = E5B38B162615EBCC00D4EB5D /* Project object */;
}
